// !$*UTF8*$!
{
	archiveVersion = 1;
	classes = {
	};
	objectVersion = 50;
	objects = {

/* Begin PBXBuildFile section */
		0D34016623F0074B00183EAC /* test_scene.scn in Resources */ = {isa = PBXBuildFile; fileRef = 0D34016523F0074B00183EAC /* test_scene.scn */; };
		0D5CBD4C23EEC5A500C6D42C /* CameraImpl.mm in Sources */ = {isa = PBXBuildFile; fileRef = 0D5CBD4823EEC5A500C6D42C /* CameraImpl.mm */; };
		0D5CBD4D23EEC5A500C6D42C /* LightImpl.mm in Sources */ = {isa = PBXBuildFile; fileRef = 0D5CBD4B23EEC5A500C6D42C /* LightImpl.mm */; };
		0D69FA0023F804D500C80AA3 /* GeometryImpl.mm in Sources */ = {isa = PBXBuildFile; fileRef = 0D69F9FD23F804D400C80AA3 /* GeometryImpl.mm */; };
		0D69FA0F23F80E0F00C80AA3 /* SphereImpl.mm in Sources */ = {isa = PBXBuildFile; fileRef = 0D69FA0E23F80E0F00C80AA3 /* SphereImpl.mm */; };
		0D69FA1223F8131300C80AA3 /* BoxImpl.mm in Sources */ = {isa = PBXBuildFile; fileRef = 0D69FA1023F8131300C80AA3 /* BoxImpl.mm */; };
		0DA9450223D6429F00AEBEAA /* Assets.xcassets in Resources */ = {isa = PBXBuildFile; fileRef = 0DA9450123D6429F00AEBEAA /* Assets.xcassets */; };
		0DA9450823D6429F00AEBEAA /* main.m in Sources */ = {isa = PBXBuildFile; fileRef = 0DA9450723D6429F00AEBEAA /* main.m */; };
		0DA9451223D6429F00AEBEAA /* SkeletonTests.m in Sources */ = {isa = PBXBuildFile; fileRef = 0DA9451123D6429F00AEBEAA /* SkeletonTests.m */; };
		0DA9451D23D6429F00AEBEAA /* SkeletonUITests.m in Sources */ = {isa = PBXBuildFile; fileRef = 0DA9451C23D6429F00AEBEAA /* SkeletonUITests.m */; };
		0DD1B0D023D79FDF00E65C07 /* Metal.framework in Frameworks */ = {isa = PBXBuildFile; fileRef = 0DD1B0CF23D79FDE00E65C07 /* Metal.framework */; };
		0DD1B0D223D7A0A900E65C07 /* SceneKit.framework in Frameworks */ = {isa = PBXBuildFile; fileRef = 0DD1B0D123D7A0A900E65C07 /* SceneKit.framework */; };
		0DD1B0D423D7AF9A00E65C07 /* MapKit.framework in Frameworks */ = {isa = PBXBuildFile; fileRef = 0DD1B0D323D7AF9A00E65C07 /* MapKit.framework */; };
		0DDF67F923DC583000827D46 /* SceneRenderer.mm in Sources */ = {isa = PBXBuildFile; fileRef = 0DDF67ED23DC583000827D46 /* SceneRenderer.mm */; };
		0DDF67FA23DC583000827D46 /* DirectorDisplayLink.mm in Sources */ = {isa = PBXBuildFile; fileRef = 0DDF67EE23DC583000827D46 /* DirectorDisplayLink.mm */; };
		0DDF67FB23DC583000827D46 /* ViewController.m in Sources */ = {isa = PBXBuildFile; fileRef = 0DDF67EF23DC583000827D46 /* ViewController.m */; };
		0DDF67FC23DC583000827D46 /* TestShaders.metal in Sources */ = {isa = PBXBuildFile; fileRef = 0DDF67F123DC583000827D46 /* TestShaders.metal */; };
		0DDF67FD23DC583000827D46 /* AppDelegate.mm in Sources */ = {isa = PBXBuildFile; fileRef = 0DDF67F423DC583000827D46 /* AppDelegate.mm */; };
		0DDF681123DC620B00827D46 /* MetalKit.framework in Frameworks */ = {isa = PBXBuildFile; fileRef = 0DDF681023DC620B00827D46 /* MetalKit.framework */; };
		0DDF682023DC63EB00827D46 /* DirectorImpl.mm in Sources */ = {isa = PBXBuildFile; fileRef = 0DDF681C23DC63EB00827D46 /* DirectorImpl.mm */; };
		0DDF682123DC63EB00827D46 /* NodeImpl.mm in Sources */ = {isa = PBXBuildFile; fileRef = 0DDF681D23DC63EB00827D46 /* NodeImpl.mm */; };
		0DDF682223DC63EB00827D46 /* SceneImpl.mm in Sources */ = {isa = PBXBuildFile; fileRef = 0DDF681E23DC63EB00827D46 /* SceneImpl.mm */; };
		0DDF683B23E5887E00827D46 /* Quaternion.inl in Resources */ = {isa = PBXBuildFile; fileRef = 0DDF682623E5887D00827D46 /* Quaternion.inl */; };
		0DDF683C23E5887E00827D46 /* Mat4.inl in Resources */ = {isa = PBXBuildFile; fileRef = 0DDF682723E5887D00827D46 /* Mat4.inl */; };
		0DDF683D23E5887E00827D46 /* Vec3.inl in Resources */ = {isa = PBXBuildFile; fileRef = 0DDF682823E5887D00827D46 /* Vec3.inl */; };
		0DDF683E23E5887E00827D46 /* Vec2.inl in Resources */ = {isa = PBXBuildFile; fileRef = 0DDF682923E5887D00827D46 /* Vec2.inl */; };
		0DDF684023E5887E00827D46 /* Vec4.inl in Resources */ = {isa = PBXBuildFile; fileRef = 0DDF682D23E5887D00827D46 /* Vec4.inl */; };
		0DDF684123E5887E00827D46 /* Mat4.cpp in Sources */ = {isa = PBXBuildFile; fileRef = 0DDF682F23E5887D00827D46 /* Mat4.cpp */; };
		0DDF684223E5887E00827D46 /* Quaternion.cpp in Sources */ = {isa = PBXBuildFile; fileRef = 0DDF683023E5887D00827D46 /* Quaternion.cpp */; };
		0DDF684323E5887E00827D46 /* Vec4.cpp in Sources */ = {isa = PBXBuildFile; fileRef = 0DDF683223E5887D00827D46 /* Vec4.cpp */; };
		0DDF684523E5887E00827D46 /* Vec2.cpp in Sources */ = {isa = PBXBuildFile; fileRef = 0DDF683723E5887D00827D46 /* Vec2.cpp */; };
		0DDF684623E5887E00827D46 /* Plane.cpp in Sources */ = {isa = PBXBuildFile; fileRef = 0DDF683923E5887E00827D46 /* Plane.cpp */; };
		0DDF684723E5887E00827D46 /* Vec3.cpp in Sources */ = {isa = PBXBuildFile; fileRef = 0DDF683A23E5887E00827D46 /* Vec3.cpp */; };
		0DDF684D23E5891B00827D46 /* utils.inl in Resources */ = {isa = PBXBuildFile; fileRef = 0DDF684A23E5891A00827D46 /* utils.inl */; };
		0DDF684E23E5891B00827D46 /* utils.cpp in Sources */ = {isa = PBXBuildFile; fileRef = 0DDF684C23E5891B00827D46 /* utils.cpp */; };
		0DF5686323F97F1C00A99E1C /* b2_joint.cpp in Sources */ = {isa = PBXBuildFile; fileRef = 0DF5682823F97F1C00A99E1C /* b2_joint.cpp */; };
		0DF5686423F97F1C00A99E1C /* b2_chain_circle_contact.cpp in Sources */ = {isa = PBXBuildFile; fileRef = 0DF5682A23F97F1C00A99E1C /* b2_chain_circle_contact.cpp */; };
		0DF5686523F97F1C00A99E1C /* b2_weld_joint.cpp in Sources */ = {isa = PBXBuildFile; fileRef = 0DF5682E23F97F1C00A99E1C /* b2_weld_joint.cpp */; };
		0DF5686623F97F1C00A99E1C /* b2_chain_polygon_contact.cpp in Sources */ = {isa = PBXBuildFile; fileRef = 0DF5682F23F97F1C00A99E1C /* b2_chain_polygon_contact.cpp */; };
		0DF5686723F97F1C00A99E1C /* b2_body.cpp in Sources */ = {isa = PBXBuildFile; fileRef = 0DF5683123F97F1C00A99E1C /* b2_body.cpp */; };
		0DF5686823F97F1C00A99E1C /* b2_contact.cpp in Sources */ = {isa = PBXBuildFile; fileRef = 0DF5683223F97F1C00A99E1C /* b2_contact.cpp */; };
		0DF5686923F97F1C00A99E1C /* b2_revolute_joint.cpp in Sources */ = {isa = PBXBuildFile; fileRef = 0DF5683323F97F1C00A99E1C /* b2_revolute_joint.cpp */; };
		0DF5686A23F97F1C00A99E1C /* b2_contact_solver.cpp in Sources */ = {isa = PBXBuildFile; fileRef = 0DF5683523F97F1C00A99E1C /* b2_contact_solver.cpp */; };
		0DF5686B23F97F1C00A99E1C /* b2_world_callbacks.cpp in Sources */ = {isa = PBXBuildFile; fileRef = 0DF5683623F97F1C00A99E1C /* b2_world_callbacks.cpp */; };
		0DF5686C23F97F1C00A99E1C /* b2_pulley_joint.cpp in Sources */ = {isa = PBXBuildFile; fileRef = 0DF5683723F97F1C00A99E1C /* b2_pulley_joint.cpp */; };
		0DF5686D23F97F1C00A99E1C /* b2_polygon_circle_contact.cpp in Sources */ = {isa = PBXBuildFile; fileRef = 0DF5683823F97F1C00A99E1C /* b2_polygon_circle_contact.cpp */; };
		0DF5686E23F97F1C00A99E1C /* b2_distance_joint.cpp in Sources */ = {isa = PBXBuildFile; fileRef = 0DF5683A23F97F1C00A99E1C /* b2_distance_joint.cpp */; };
		0DF5686F23F97F1C00A99E1C /* b2_contact_manager.cpp in Sources */ = {isa = PBXBuildFile; fileRef = 0DF5683B23F97F1C00A99E1C /* b2_contact_manager.cpp */; };
		0DF5687023F97F1C00A99E1C /* b2_polygon_contact.cpp in Sources */ = {isa = PBXBuildFile; fileRef = 0DF5683C23F97F1C00A99E1C /* b2_polygon_contact.cpp */; };
		0DF5687123F97F1C00A99E1C /* b2_edge_polygon_contact.cpp in Sources */ = {isa = PBXBuildFile; fileRef = 0DF5683D23F97F1C00A99E1C /* b2_edge_polygon_contact.cpp */; };
		0DF5687223F97F1C00A99E1C /* b2_edge_circle_contact.cpp in Sources */ = {isa = PBXBuildFile; fileRef = 0DF5683E23F97F1C00A99E1C /* b2_edge_circle_contact.cpp */; };
		0DF5687323F97F1C00A99E1C /* b2_gear_joint.cpp in Sources */ = {isa = PBXBuildFile; fileRef = 0DF5683F23F97F1C00A99E1C /* b2_gear_joint.cpp */; };
		0DF5687423F97F1C00A99E1C /* b2_friction_joint.cpp in Sources */ = {isa = PBXBuildFile; fileRef = 0DF5684023F97F1C00A99E1C /* b2_friction_joint.cpp */; };
		0DF5687523F97F1C00A99E1C /* b2_wheel_joint.cpp in Sources */ = {isa = PBXBuildFile; fileRef = 0DF5684123F97F1C00A99E1C /* b2_wheel_joint.cpp */; };
		0DF5687623F97F1C00A99E1C /* b2_motor_joint.cpp in Sources */ = {isa = PBXBuildFile; fileRef = 0DF5684323F97F1C00A99E1C /* b2_motor_joint.cpp */; };
		0DF5687723F97F1C00A99E1C /* b2_rope_joint.cpp in Sources */ = {isa = PBXBuildFile; fileRef = 0DF5684423F97F1C00A99E1C /* b2_rope_joint.cpp */; };
		0DF5687823F97F1C00A99E1C /* b2_world.cpp in Sources */ = {isa = PBXBuildFile; fileRef = 0DF5684523F97F1C00A99E1C /* b2_world.cpp */; };
		0DF5687923F97F1C00A99E1C /* b2_island.cpp in Sources */ = {isa = PBXBuildFile; fileRef = 0DF5684623F97F1C00A99E1C /* b2_island.cpp */; };
		0DF5687A23F97F1C00A99E1C /* b2_mouse_joint.cpp in Sources */ = {isa = PBXBuildFile; fileRef = 0DF5684723F97F1C00A99E1C /* b2_mouse_joint.cpp */; };
		0DF5687B23F97F1C00A99E1C /* b2_circle_contact.cpp in Sources */ = {isa = PBXBuildFile; fileRef = 0DF5684823F97F1C00A99E1C /* b2_circle_contact.cpp */; };
		0DF5687C23F97F1C00A99E1C /* b2_prismatic_joint.cpp in Sources */ = {isa = PBXBuildFile; fileRef = 0DF5684923F97F1C00A99E1C /* b2_prismatic_joint.cpp */; };
		0DF5687D23F97F1C00A99E1C /* b2_fixture.cpp in Sources */ = {isa = PBXBuildFile; fileRef = 0DF5684A23F97F1C00A99E1C /* b2_fixture.cpp */; };
		0DF5687E23F97F1C00A99E1C /* CMakeLists.txt in Resources */ = {isa = PBXBuildFile; fileRef = 0DF5684C23F97F1C00A99E1C /* CMakeLists.txt */; };
		0DF5687F23F97F1C00A99E1C /* b2_rope.cpp in Sources */ = {isa = PBXBuildFile; fileRef = 0DF5684E23F97F1C00A99E1C /* b2_rope.cpp */; };
		0DF5688023F97F1C00A99E1C /* b2_draw.cpp in Sources */ = {isa = PBXBuildFile; fileRef = 0DF5685023F97F1C00A99E1C /* b2_draw.cpp */; };
		0DF5688123F97F1C00A99E1C /* b2_timer.cpp in Sources */ = {isa = PBXBuildFile; fileRef = 0DF5685123F97F1C00A99E1C /* b2_timer.cpp */; };
		0DF5688223F97F1C00A99E1C /* b2_block_allocator.cpp in Sources */ = {isa = PBXBuildFile; fileRef = 0DF5685223F97F1C00A99E1C /* b2_block_allocator.cpp */; };
		0DF5688323F97F1C00A99E1C /* b2_stack_allocator.cpp in Sources */ = {isa = PBXBuildFile; fileRef = 0DF5685323F97F1C00A99E1C /* b2_stack_allocator.cpp */; };
		0DF5688423F97F1C00A99E1C /* b2_settings.cpp in Sources */ = {isa = PBXBuildFile; fileRef = 0DF5685423F97F1C00A99E1C /* b2_settings.cpp */; };
		0DF5688523F97F1C00A99E1C /* b2_math.cpp in Sources */ = {isa = PBXBuildFile; fileRef = 0DF5685523F97F1C00A99E1C /* b2_math.cpp */; };
		0DF5688623F97F1C00A99E1C /* b2_collide_circle.cpp in Sources */ = {isa = PBXBuildFile; fileRef = 0DF5685723F97F1C00A99E1C /* b2_collide_circle.cpp */; };
		0DF5688723F97F1C00A99E1C /* b2_circle_shape.cpp in Sources */ = {isa = PBXBuildFile; fileRef = 0DF5685823F97F1C00A99E1C /* b2_circle_shape.cpp */; };
		0DF5688823F97F1C00A99E1C /* b2_collision.cpp in Sources */ = {isa = PBXBuildFile; fileRef = 0DF5685923F97F1C00A99E1C /* b2_collision.cpp */; };
		0DF5688923F97F1C00A99E1C /* b2_collide_edge.cpp in Sources */ = {isa = PBXBuildFile; fileRef = 0DF5685A23F97F1C00A99E1C /* b2_collide_edge.cpp */; };
		0DF5688A23F97F1C00A99E1C /* b2_chain_shape.cpp in Sources */ = {isa = PBXBuildFile; fileRef = 0DF5685B23F97F1C00A99E1C /* b2_chain_shape.cpp */; };
		0DF5688B23F97F1C00A99E1C /* b2_broad_phase.cpp in Sources */ = {isa = PBXBuildFile; fileRef = 0DF5685C23F97F1C00A99E1C /* b2_broad_phase.cpp */; };
		0DF5688C23F97F1C00A99E1C /* b2_dynamic_tree.cpp in Sources */ = {isa = PBXBuildFile; fileRef = 0DF5685D23F97F1C00A99E1C /* b2_dynamic_tree.cpp */; };
		0DF5688D23F97F1C00A99E1C /* b2_polygon_shape.cpp in Sources */ = {isa = PBXBuildFile; fileRef = 0DF5685E23F97F1C00A99E1C /* b2_polygon_shape.cpp */; };
		0DF5688E23F97F1C00A99E1C /* b2_collide_polygon.cpp in Sources */ = {isa = PBXBuildFile; fileRef = 0DF5685F23F97F1C00A99E1C /* b2_collide_polygon.cpp */; };
		0DF5688F23F97F1C00A99E1C /* b2_edge_shape.cpp in Sources */ = {isa = PBXBuildFile; fileRef = 0DF5686023F97F1C00A99E1C /* b2_edge_shape.cpp */; };
		0DF5689023F97F1C00A99E1C /* b2_time_of_impact.cpp in Sources */ = {isa = PBXBuildFile; fileRef = 0DF5686123F97F1C00A99E1C /* b2_time_of_impact.cpp */; };
		0DF5689123F97F1C00A99E1C /* b2_distance.cpp in Sources */ = {isa = PBXBuildFile; fileRef = 0DF5686223F97F1C00A99E1C /* b2_distance.cpp */; };
		0DF568D723F9846A00A99E1C /* Director.cpp in Sources */ = {isa = PBXBuildFile; fileRef = 0DF568CC23F9846A00A99E1C /* Director.cpp */; };
		0DF568D823F9846A00A99E1C /* Geometry.cpp in Sources */ = {isa = PBXBuildFile; fileRef = 0DF568CD23F9846A00A99E1C /* Geometry.cpp */; };
		0DF568D923F9846A00A99E1C /* Scene.cpp in Sources */ = {isa = PBXBuildFile; fileRef = 0DF568CE23F9846A00A99E1C /* Scene.cpp */; };
		0DF568DA23F9846A00A99E1C /* Box.cpp in Sources */ = {isa = PBXBuildFile; fileRef = 0DF568CF23F9846A00A99E1C /* Box.cpp */; };
		0DF568DB23F9846A00A99E1C /* Camera.cpp in Sources */ = {isa = PBXBuildFile; fileRef = 0DF568D023F9846A00A99E1C /* Camera.cpp */; };
		0DF568DC23F9846A00A99E1C /* Node.cpp in Sources */ = {isa = PBXBuildFile; fileRef = 0DF568D123F9846A00A99E1C /* Node.cpp */; };
		0DF568DD23F9846A00A99E1C /* Light.cpp in Sources */ = {isa = PBXBuildFile; fileRef = 0DF568D223F9846A00A99E1C /* Light.cpp */; };
		0DF568DE23F9846A00A99E1C /* Color.cpp in Sources */ = {isa = PBXBuildFile; fileRef = 0DF568D323F9846A00A99E1C /* Color.cpp */; };
		0DF568DF23F9846A00A99E1C /* ActionRunner.cpp in Sources */ = {isa = PBXBuildFile; fileRef = 0DF568D423F9846A00A99E1C /* ActionRunner.cpp */; };
		0DF568E023F9846A00A99E1C /* Sphere.cpp in Sources */ = {isa = PBXBuildFile; fileRef = 0DF568D523F9846A00A99E1C /* Sphere.cpp */; };
		0DF568E523F986AE00A99E1C /* ActionInterval.cpp in Sources */ = {isa = PBXBuildFile; fileRef = 0DF568E323F986AD00A99E1C /* ActionInterval.cpp */; };
		0DF568E623F986AE00A99E1C /* Action.cpp in Sources */ = {isa = PBXBuildFile; fileRef = 0DF568E423F986AE00A99E1C /* Action.cpp */; };
/* End PBXBuildFile section */

/* Begin PBXContainerItemProxy section */
		0DA9450E23D6429F00AEBEAA /* PBXContainerItemProxy */ = {
			isa = PBXContainerItemProxy;
			containerPortal = 0DA944EA23D6429D00AEBEAA /* Project object */;
			proxyType = 1;
			remoteGlobalIDString = 0DA944F123D6429D00AEBEAA;
			remoteInfo = Skeleton;
		};
		0DA9451923D6429F00AEBEAA /* PBXContainerItemProxy */ = {
			isa = PBXContainerItemProxy;
			containerPortal = 0DA944EA23D6429D00AEBEAA /* Project object */;
			proxyType = 1;
			remoteGlobalIDString = 0DA944F123D6429D00AEBEAA;
			remoteInfo = Skeleton;
		};
		0DF567E623F97D3500A99E1C /* PBXContainerItemProxy */ = {
			isa = PBXContainerItemProxy;
			containerPortal = 0DF567E223F97D3500A99E1C /* BulletCollision.xcodeproj */;
			proxyType = 2;
			remoteGlobalIDString = 557F396B287E00846CAB6469;
			remoteInfo = BulletCollision;
		};
		0DF567EC23F97D6D00A99E1C /* PBXContainerItemProxy */ = {
			isa = PBXContainerItemProxy;
			containerPortal = 0DF567E823F97D6D00A99E1C /* BulletDynamics.xcodeproj */;
			proxyType = 2;
			remoteGlobalIDString = 170D76732BEB69D957882DFA;
			remoteInfo = BulletDynamics;
		};
		0DF567F223F97D6D00A99E1C /* PBXContainerItemProxy */ = {
			isa = PBXContainerItemProxy;
			containerPortal = 0DF567EE23F97D6D00A99E1C /* LinearMath.xcodeproj */;
			proxyType = 2;
			remoteGlobalIDString = 086F3F4240E0392B365F22C9;
			remoteInfo = LinearMath;
		};
		0DF567F423F97D9000A99E1C /* PBXContainerItemProxy */ = {
			isa = PBXContainerItemProxy;
			containerPortal = 0DF567E823F97D6D00A99E1C /* BulletDynamics.xcodeproj */;
			proxyType = 1;
			remoteGlobalIDString = 23C160F45F615A6415192C90;
			remoteInfo = BulletDynamics;
		};
		0DF567F623F97D9000A99E1C /* PBXContainerItemProxy */ = {
			isa = PBXContainerItemProxy;
			containerPortal = 0DF567EE23F97D6D00A99E1C /* LinearMath.xcodeproj */;
			proxyType = 1;
			remoteGlobalIDString = 6A3D619521705CAD1FEB00C5;
			remoteInfo = LinearMath;
		};
		0DF567F823F97D9000A99E1C /* PBXContainerItemProxy */ = {
			isa = PBXContainerItemProxy;
			containerPortal = 0DF567E223F97D3500A99E1C /* BulletCollision.xcodeproj */;
			proxyType = 1;
			remoteGlobalIDString = 2D0E7A7F695E235073A2511F;
			remoteInfo = BulletCollision;
		};
/* End PBXContainerItemProxy section */

/* Begin PBXFileReference section */
		0D34016523F0074B00183EAC /* test_scene.scn */ = {isa = PBXFileReference; lastKnownFileType = file.bplist; path = test_scene.scn; sourceTree = "<group>"; };
		0D5CBD4823EEC5A500C6D42C /* CameraImpl.mm */ = {isa = PBXFileReference; fileEncoding = 4; lastKnownFileType = sourcecode.cpp.objcpp; path = CameraImpl.mm; sourceTree = "<group>"; };
		0D5CBD4923EEC5A500C6D42C /* CameraImpl.h */ = {isa = PBXFileReference; fileEncoding = 4; lastKnownFileType = sourcecode.c.h; path = CameraImpl.h; sourceTree = "<group>"; };
		0D5CBD4A23EEC5A500C6D42C /* LightImpl.h */ = {isa = PBXFileReference; fileEncoding = 4; lastKnownFileType = sourcecode.c.h; path = LightImpl.h; sourceTree = "<group>"; };
		0D5CBD4B23EEC5A500C6D42C /* LightImpl.mm */ = {isa = PBXFileReference; fileEncoding = 4; lastKnownFileType = sourcecode.cpp.objcpp; path = LightImpl.mm; sourceTree = "<group>"; };
		0D69F9FD23F804D400C80AA3 /* GeometryImpl.mm */ = {isa = PBXFileReference; fileEncoding = 4; lastKnownFileType = sourcecode.cpp.objcpp; path = GeometryImpl.mm; sourceTree = "<group>"; };
		0D69F9FE23F804D400C80AA3 /* GeometryImpl.h */ = {isa = PBXFileReference; fileEncoding = 4; lastKnownFileType = sourcecode.c.h; path = GeometryImpl.h; sourceTree = "<group>"; };
		0D69F9FF23F804D500C80AA3 /* CameraImpl.h */ = {isa = PBXFileReference; fileEncoding = 4; lastKnownFileType = sourcecode.c.h; path = CameraImpl.h; sourceTree = "<group>"; };
		0D69FA0D23F80E0F00C80AA3 /* SphereImpl.h */ = {isa = PBXFileReference; fileEncoding = 4; lastKnownFileType = sourcecode.c.h; path = SphereImpl.h; sourceTree = "<group>"; };
		0D69FA0E23F80E0F00C80AA3 /* SphereImpl.mm */ = {isa = PBXFileReference; fileEncoding = 4; lastKnownFileType = sourcecode.cpp.objcpp; path = SphereImpl.mm; sourceTree = "<group>"; };
		0D69FA1023F8131300C80AA3 /* BoxImpl.mm */ = {isa = PBXFileReference; fileEncoding = 4; lastKnownFileType = sourcecode.cpp.objcpp; path = BoxImpl.mm; sourceTree = "<group>"; };
		0D69FA1123F8131300C80AA3 /* BoxImpl.h */ = {isa = PBXFileReference; fileEncoding = 4; lastKnownFileType = sourcecode.c.h; path = BoxImpl.h; sourceTree = "<group>"; };
		0D69FA1423F8172B00C80AA3 /* tests.hpp */ = {isa = PBXFileReference; fileEncoding = 4; lastKnownFileType = sourcecode.cpp.h; path = tests.hpp; sourceTree = "<group>"; };
		0DA944F223D6429D00AEBEAA /* Skeleton.app */ = {isa = PBXFileReference; explicitFileType = wrapper.application; includeInIndex = 0; path = Skeleton.app; sourceTree = BUILT_PRODUCTS_DIR; };
		0DA9450123D6429F00AEBEAA /* Assets.xcassets */ = {isa = PBXFileReference; lastKnownFileType = folder.assetcatalog; path = Assets.xcassets; sourceTree = "<group>"; };
		0DA9450623D6429F00AEBEAA /* Info.plist */ = {isa = PBXFileReference; lastKnownFileType = text.plist.xml; path = Info.plist; sourceTree = "<group>"; };
		0DA9450723D6429F00AEBEAA /* main.m */ = {isa = PBXFileReference; lastKnownFileType = sourcecode.c.objc; path = main.m; sourceTree = "<group>"; };
		0DA9450D23D6429F00AEBEAA /* SkeletonTests.xctest */ = {isa = PBXFileReference; explicitFileType = wrapper.cfbundle; includeInIndex = 0; path = SkeletonTests.xctest; sourceTree = BUILT_PRODUCTS_DIR; };
		0DA9451123D6429F00AEBEAA /* SkeletonTests.m */ = {isa = PBXFileReference; lastKnownFileType = sourcecode.c.objc; path = SkeletonTests.m; sourceTree = "<group>"; };
		0DA9451323D6429F00AEBEAA /* Info.plist */ = {isa = PBXFileReference; lastKnownFileType = text.plist.xml; path = Info.plist; sourceTree = "<group>"; };
		0DA9451823D6429F00AEBEAA /* SkeletonUITests.xctest */ = {isa = PBXFileReference; explicitFileType = wrapper.cfbundle; includeInIndex = 0; path = SkeletonUITests.xctest; sourceTree = BUILT_PRODUCTS_DIR; };
		0DA9451C23D6429F00AEBEAA /* SkeletonUITests.m */ = {isa = PBXFileReference; lastKnownFileType = sourcecode.c.objc; path = SkeletonUITests.m; sourceTree = "<group>"; };
		0DA9451E23D6429F00AEBEAA /* Info.plist */ = {isa = PBXFileReference; lastKnownFileType = text.plist.xml; path = Info.plist; sourceTree = "<group>"; };
		0DD1B0CF23D79FDE00E65C07 /* Metal.framework */ = {isa = PBXFileReference; lastKnownFileType = wrapper.framework; name = Metal.framework; path = System/Library/Frameworks/Metal.framework; sourceTree = SDKROOT; };
		0DD1B0D123D7A0A900E65C07 /* SceneKit.framework */ = {isa = PBXFileReference; lastKnownFileType = wrapper.framework; name = SceneKit.framework; path = System/Library/Frameworks/SceneKit.framework; sourceTree = SDKROOT; };
		0DD1B0D323D7AF9A00E65C07 /* MapKit.framework */ = {isa = PBXFileReference; lastKnownFileType = wrapper.framework; name = MapKit.framework; path = System/Library/Frameworks/MapKit.framework; sourceTree = SDKROOT; };
		0DDF67EC23DC583000827D46 /* AppDelegate.h */ = {isa = PBXFileReference; fileEncoding = 4; lastKnownFileType = sourcecode.c.h; path = AppDelegate.h; sourceTree = "<group>"; };
		0DDF67ED23DC583000827D46 /* SceneRenderer.mm */ = {isa = PBXFileReference; fileEncoding = 4; lastKnownFileType = sourcecode.cpp.objcpp; path = SceneRenderer.mm; sourceTree = "<group>"; };
		0DDF67EE23DC583000827D46 /* DirectorDisplayLink.mm */ = {isa = PBXFileReference; fileEncoding = 4; lastKnownFileType = sourcecode.cpp.objcpp; path = DirectorDisplayLink.mm; sourceTree = "<group>"; };
		0DDF67EF23DC583000827D46 /* ViewController.m */ = {isa = PBXFileReference; fileEncoding = 4; lastKnownFileType = sourcecode.c.objc; path = ViewController.m; sourceTree = "<group>"; };
		0DDF67F023DC583000827D46 /* ShaderTypes.h */ = {isa = PBXFileReference; fileEncoding = 4; lastKnownFileType = sourcecode.c.h; path = ShaderTypes.h; sourceTree = "<group>"; };
		0DDF67F123DC583000827D46 /* TestShaders.metal */ = {isa = PBXFileReference; fileEncoding = 4; lastKnownFileType = sourcecode.metal; path = TestShaders.metal; sourceTree = "<group>"; };
		0DDF67F223DC583000827D46 /* DirectorDisplayLink.h */ = {isa = PBXFileReference; fileEncoding = 4; lastKnownFileType = sourcecode.c.h; path = DirectorDisplayLink.h; sourceTree = "<group>"; };
		0DDF67F323DC583000827D46 /* SceneRenderer.h */ = {isa = PBXFileReference; fileEncoding = 4; lastKnownFileType = sourcecode.c.h; path = SceneRenderer.h; sourceTree = "<group>"; };
		0DDF67F423DC583000827D46 /* AppDelegate.mm */ = {isa = PBXFileReference; fileEncoding = 4; lastKnownFileType = sourcecode.cpp.objcpp; path = AppDelegate.mm; sourceTree = "<group>"; };
		0DDF67F523DC583000827D46 /* ViewController.h */ = {isa = PBXFileReference; fileEncoding = 4; lastKnownFileType = sourcecode.c.h; path = ViewController.h; sourceTree = "<group>"; };
		0DDF681023DC620B00827D46 /* MetalKit.framework */ = {isa = PBXFileReference; lastKnownFileType = wrapper.framework; name = MetalKit.framework; path = System/Library/Frameworks/MetalKit.framework; sourceTree = SDKROOT; };
		0DDF681A23DC63EB00827D46 /* NodeImpl.h */ = {isa = PBXFileReference; fileEncoding = 4; lastKnownFileType = sourcecode.c.h; path = NodeImpl.h; sourceTree = "<group>"; };
		0DDF681B23DC63EB00827D46 /* DirectorImpl.h */ = {isa = PBXFileReference; fileEncoding = 4; lastKnownFileType = sourcecode.c.h; path = DirectorImpl.h; sourceTree = "<group>"; };
		0DDF681C23DC63EB00827D46 /* DirectorImpl.mm */ = {isa = PBXFileReference; fileEncoding = 4; lastKnownFileType = sourcecode.cpp.objcpp; path = DirectorImpl.mm; sourceTree = "<group>"; };
		0DDF681D23DC63EB00827D46 /* NodeImpl.mm */ = {isa = PBXFileReference; fileEncoding = 4; lastKnownFileType = sourcecode.cpp.objcpp; path = NodeImpl.mm; sourceTree = "<group>"; };
		0DDF681E23DC63EB00827D46 /* SceneImpl.mm */ = {isa = PBXFileReference; fileEncoding = 4; lastKnownFileType = sourcecode.cpp.objcpp; path = SceneImpl.mm; sourceTree = "<group>"; };
		0DDF681F23DC63EB00827D46 /* SceneImpl.h */ = {isa = PBXFileReference; fileEncoding = 4; lastKnownFileType = sourcecode.c.h; path = SceneImpl.h; sourceTree = "<group>"; };
		0DDF682423E5887D00827D46 /* Vec2.h */ = {isa = PBXFileReference; fileEncoding = 4; lastKnownFileType = sourcecode.c.h; path = Vec2.h; sourceTree = "<group>"; };
		0DDF682523E5887D00827D46 /* Mat4.h */ = {isa = PBXFileReference; fileEncoding = 4; lastKnownFileType = sourcecode.c.h; path = Mat4.h; sourceTree = "<group>"; };
		0DDF682623E5887D00827D46 /* Quaternion.inl */ = {isa = PBXFileReference; fileEncoding = 4; lastKnownFileType = text; path = Quaternion.inl; sourceTree = "<group>"; };
		0DDF682723E5887D00827D46 /* Mat4.inl */ = {isa = PBXFileReference; fileEncoding = 4; lastKnownFileType = text; path = Mat4.inl; sourceTree = "<group>"; };
		0DDF682823E5887D00827D46 /* Vec3.inl */ = {isa = PBXFileReference; fileEncoding = 4; lastKnownFileType = text; path = Vec3.inl; sourceTree = "<group>"; };
		0DDF682923E5887D00827D46 /* Vec2.inl */ = {isa = PBXFileReference; fileEncoding = 4; lastKnownFileType = text; path = Vec2.inl; sourceTree = "<group>"; };
		0DDF682A23E5887D00827D46 /* Quaternion.h */ = {isa = PBXFileReference; fileEncoding = 4; lastKnownFileType = sourcecode.c.h; path = Quaternion.h; sourceTree = "<group>"; };
		0DDF682C23E5887D00827D46 /* Plane.h */ = {isa = PBXFileReference; fileEncoding = 4; lastKnownFileType = sourcecode.c.h; path = Plane.h; sourceTree = "<group>"; };
		0DDF682D23E5887D00827D46 /* Vec4.inl */ = {isa = PBXFileReference; fileEncoding = 4; lastKnownFileType = text; path = Vec4.inl; sourceTree = "<group>"; };
		0DDF682E23E5887D00827D46 /* Vec4.h */ = {isa = PBXFileReference; fileEncoding = 4; lastKnownFileType = sourcecode.c.h; path = Vec4.h; sourceTree = "<group>"; };
		0DDF682F23E5887D00827D46 /* Mat4.cpp */ = {isa = PBXFileReference; fileEncoding = 4; lastKnownFileType = sourcecode.cpp.cpp; path = Mat4.cpp; sourceTree = "<group>"; };
		0DDF683023E5887D00827D46 /* Quaternion.cpp */ = {isa = PBXFileReference; fileEncoding = 4; lastKnownFileType = sourcecode.cpp.cpp; path = Quaternion.cpp; sourceTree = "<group>"; };
		0DDF683123E5887D00827D46 /* math.h */ = {isa = PBXFileReference; fileEncoding = 4; lastKnownFileType = sourcecode.c.h; path = math.h; sourceTree = "<group>"; };
		0DDF683223E5887D00827D46 /* Vec4.cpp */ = {isa = PBXFileReference; fileEncoding = 4; lastKnownFileType = sourcecode.cpp.cpp; path = Vec4.cpp; sourceTree = "<group>"; };
		0DDF683323E5887D00827D46 /* Vec3.h */ = {isa = PBXFileReference; fileEncoding = 4; lastKnownFileType = sourcecode.c.h; path = Vec3.h; sourceTree = "<group>"; };
		0DDF683723E5887D00827D46 /* Vec2.cpp */ = {isa = PBXFileReference; fileEncoding = 4; lastKnownFileType = sourcecode.cpp.cpp; path = Vec2.cpp; sourceTree = "<group>"; };
		0DDF683923E5887E00827D46 /* Plane.cpp */ = {isa = PBXFileReference; fileEncoding = 4; lastKnownFileType = sourcecode.cpp.cpp; path = Plane.cpp; sourceTree = "<group>"; };
		0DDF683A23E5887E00827D46 /* Vec3.cpp */ = {isa = PBXFileReference; fileEncoding = 4; lastKnownFileType = sourcecode.cpp.cpp; path = Vec3.cpp; sourceTree = "<group>"; };
		0DDF684823E5891A00827D46 /* utils.h */ = {isa = PBXFileReference; fileEncoding = 4; lastKnownFileType = sourcecode.c.h; path = utils.h; sourceTree = "<group>"; };
		0DDF684923E5891A00827D46 /* macros.h */ = {isa = PBXFileReference; fileEncoding = 4; lastKnownFileType = sourcecode.c.h; path = macros.h; sourceTree = "<group>"; };
		0DDF684A23E5891A00827D46 /* utils.inl */ = {isa = PBXFileReference; fileEncoding = 4; lastKnownFileType = text; path = utils.inl; sourceTree = "<group>"; };
		0DDF684C23E5891B00827D46 /* utils.cpp */ = {isa = PBXFileReference; fileEncoding = 4; lastKnownFileType = sourcecode.cpp.cpp; path = utils.cpp; sourceTree = "<group>"; };
		0DDF684F23E5894D00827D46 /* all */ = {isa = PBXFileReference; fileEncoding = 4; lastKnownFileType = text; path = all; sourceTree = "<group>"; };
		0DF567E223F97D3500A99E1C /* BulletCollision.xcodeproj */ = {isa = PBXFileReference; lastKnownFileType = "wrapper.pb-project"; name = BulletCollision.xcodeproj; path = externals/bullet3/build3/xcode4/BulletCollision.xcodeproj; sourceTree = "<group>"; };
		0DF567E823F97D6D00A99E1C /* BulletDynamics.xcodeproj */ = {isa = PBXFileReference; lastKnownFileType = "wrapper.pb-project"; name = BulletDynamics.xcodeproj; path = externals/bullet3/build3/xcode4/BulletDynamics.xcodeproj; sourceTree = "<group>"; };
		0DF567EE23F97D6D00A99E1C /* LinearMath.xcodeproj */ = {isa = PBXFileReference; lastKnownFileType = "wrapper.pb-project"; name = LinearMath.xcodeproj; path = externals/bullet3/build3/xcode4/LinearMath.xcodeproj; sourceTree = "<group>"; };
		0DF5680023F97F0200A99E1C /* b2_joint.h */ = {isa = PBXFileReference; fileEncoding = 4; lastKnownFileType = sourcecode.c.h; path = b2_joint.h; sourceTree = "<group>"; };
		0DF5680123F97F0200A99E1C /* b2_shape.h */ = {isa = PBXFileReference; fileEncoding = 4; lastKnownFileType = sourcecode.c.h; path = b2_shape.h; sourceTree = "<group>"; };
		0DF5680223F97F0200A99E1C /* b2_block_allocator.h */ = {isa = PBXFileReference; fileEncoding = 4; lastKnownFileType = sourcecode.c.h; path = b2_block_allocator.h; sourceTree = "<group>"; };
		0DF5680323F97F0200A99E1C /* b2_motor_joint.h */ = {isa = PBXFileReference; fileEncoding = 4; lastKnownFileType = sourcecode.c.h; path = b2_motor_joint.h; sourceTree = "<group>"; };
		0DF5680423F97F0200A99E1C /* b2_weld_joint.h */ = {isa = PBXFileReference; fileEncoding = 4; lastKnownFileType = sourcecode.c.h; path = b2_weld_joint.h; sourceTree = "<group>"; };
		0DF5680523F97F0200A99E1C /* b2_dynamic_tree.h */ = {isa = PBXFileReference; fileEncoding = 4; lastKnownFileType = sourcecode.c.h; path = b2_dynamic_tree.h; sourceTree = "<group>"; };
		0DF5680623F97F0200A99E1C /* b2_fixture.h */ = {isa = PBXFileReference; fileEncoding = 4; lastKnownFileType = sourcecode.c.h; path = b2_fixture.h; sourceTree = "<group>"; };
		0DF5680723F97F0200A99E1C /* b2_stack_allocator.h */ = {isa = PBXFileReference; fileEncoding = 4; lastKnownFileType = sourcecode.c.h; path = b2_stack_allocator.h; sourceTree = "<group>"; };
		0DF5680823F97F0200A99E1C /* box2d.h */ = {isa = PBXFileReference; fileEncoding = 4; lastKnownFileType = sourcecode.c.h; path = box2d.h; sourceTree = "<group>"; };
		0DF5680923F97F0200A99E1C /* b2_broad_phase.h */ = {isa = PBXFileReference; fileEncoding = 4; lastKnownFileType = sourcecode.c.h; path = b2_broad_phase.h; sourceTree = "<group>"; };
		0DF5680A23F97F0200A99E1C /* b2_settings.h */ = {isa = PBXFileReference; fileEncoding = 4; lastKnownFileType = sourcecode.c.h; path = b2_settings.h; sourceTree = "<group>"; };
		0DF5680B23F97F0200A99E1C /* b2_revolute_joint.h */ = {isa = PBXFileReference; fileEncoding = 4; lastKnownFileType = sourcecode.c.h; path = b2_revolute_joint.h; sourceTree = "<group>"; };
		0DF5680C23F97F0200A99E1C /* b2_rope.h */ = {isa = PBXFileReference; fileEncoding = 4; lastKnownFileType = sourcecode.c.h; path = b2_rope.h; sourceTree = "<group>"; };
		0DF5680D23F97F0200A99E1C /* b2_distance_joint.h */ = {isa = PBXFileReference; fileEncoding = 4; lastKnownFileType = sourcecode.c.h; path = b2_distance_joint.h; sourceTree = "<group>"; };
		0DF5680E23F97F0200A99E1C /* b2_body.h */ = {isa = PBXFileReference; fileEncoding = 4; lastKnownFileType = sourcecode.c.h; path = b2_body.h; sourceTree = "<group>"; };
		0DF5680F23F97F0200A99E1C /* b2_distance.h */ = {isa = PBXFileReference; fileEncoding = 4; lastKnownFileType = sourcecode.c.h; path = b2_distance.h; sourceTree = "<group>"; };
		0DF5681023F97F0200A99E1C /* b2_time_step.h */ = {isa = PBXFileReference; fileEncoding = 4; lastKnownFileType = sourcecode.c.h; path = b2_time_step.h; sourceTree = "<group>"; };
		0DF5681123F97F0200A99E1C /* b2_pulley_joint.h */ = {isa = PBXFileReference; fileEncoding = 4; lastKnownFileType = sourcecode.c.h; path = b2_pulley_joint.h; sourceTree = "<group>"; };
		0DF5681223F97F0200A99E1C /* b2_circle_shape.h */ = {isa = PBXFileReference; fileEncoding = 4; lastKnownFileType = sourcecode.c.h; path = b2_circle_shape.h; sourceTree = "<group>"; };
		0DF5681323F97F0200A99E1C /* b2_math.h */ = {isa = PBXFileReference; fileEncoding = 4; lastKnownFileType = sourcecode.c.h; path = b2_math.h; sourceTree = "<group>"; };
		0DF5681423F97F0200A99E1C /* b2_time_of_impact.h */ = {isa = PBXFileReference; fileEncoding = 4; lastKnownFileType = sourcecode.c.h; path = b2_time_of_impact.h; sourceTree = "<group>"; };
		0DF5681523F97F0200A99E1C /* b2_mouse_joint.h */ = {isa = PBXFileReference; fileEncoding = 4; lastKnownFileType = sourcecode.c.h; path = b2_mouse_joint.h; sourceTree = "<group>"; };
		0DF5681623F97F0200A99E1C /* b2_friction_joint.h */ = {isa = PBXFileReference; fileEncoding = 4; lastKnownFileType = sourcecode.c.h; path = b2_friction_joint.h; sourceTree = "<group>"; };
		0DF5681723F97F0200A99E1C /* b2_contact.h */ = {isa = PBXFileReference; fileEncoding = 4; lastKnownFileType = sourcecode.c.h; path = b2_contact.h; sourceTree = "<group>"; };
		0DF5681823F97F0200A99E1C /* b2_prismatic_joint.h */ = {isa = PBXFileReference; fileEncoding = 4; lastKnownFileType = sourcecode.c.h; path = b2_prismatic_joint.h; sourceTree = "<group>"; };
		0DF5681923F97F0200A99E1C /* b2_world.h */ = {isa = PBXFileReference; fileEncoding = 4; lastKnownFileType = sourcecode.c.h; path = b2_world.h; sourceTree = "<group>"; };
		0DF5681A23F97F0200A99E1C /* b2_polygon_shape.h */ = {isa = PBXFileReference; fileEncoding = 4; lastKnownFileType = sourcecode.c.h; path = b2_polygon_shape.h; sourceTree = "<group>"; };
		0DF5681B23F97F0200A99E1C /* b2_wheel_joint.h */ = {isa = PBXFileReference; fileEncoding = 4; lastKnownFileType = sourcecode.c.h; path = b2_wheel_joint.h; sourceTree = "<group>"; };
		0DF5681C23F97F0200A99E1C /* b2_growable_stack.h */ = {isa = PBXFileReference; fileEncoding = 4; lastKnownFileType = sourcecode.c.h; path = b2_growable_stack.h; sourceTree = "<group>"; };
		0DF5681D23F97F0200A99E1C /* b2_draw.h */ = {isa = PBXFileReference; fileEncoding = 4; lastKnownFileType = sourcecode.c.h; path = b2_draw.h; sourceTree = "<group>"; };
		0DF5681E23F97F0200A99E1C /* b2_collision.h */ = {isa = PBXFileReference; fileEncoding = 4; lastKnownFileType = sourcecode.c.h; path = b2_collision.h; sourceTree = "<group>"; };
		0DF5681F23F97F0200A99E1C /* b2_rope_joint.h */ = {isa = PBXFileReference; fileEncoding = 4; lastKnownFileType = sourcecode.c.h; path = b2_rope_joint.h; sourceTree = "<group>"; };
		0DF5682023F97F0200A99E1C /* b2_chain_shape.h */ = {isa = PBXFileReference; fileEncoding = 4; lastKnownFileType = sourcecode.c.h; path = b2_chain_shape.h; sourceTree = "<group>"; };
		0DF5682123F97F0200A99E1C /* b2_gear_joint.h */ = {isa = PBXFileReference; fileEncoding = 4; lastKnownFileType = sourcecode.c.h; path = b2_gear_joint.h; sourceTree = "<group>"; };
		0DF5682223F97F0200A99E1C /* b2_timer.h */ = {isa = PBXFileReference; fileEncoding = 4; lastKnownFileType = sourcecode.c.h; path = b2_timer.h; sourceTree = "<group>"; };
		0DF5682323F97F0200A99E1C /* b2_world_callbacks.h */ = {isa = PBXFileReference; fileEncoding = 4; lastKnownFileType = sourcecode.c.h; path = b2_world_callbacks.h; sourceTree = "<group>"; };
		0DF5682423F97F0200A99E1C /* b2_contact_manager.h */ = {isa = PBXFileReference; fileEncoding = 4; lastKnownFileType = sourcecode.c.h; path = b2_contact_manager.h; sourceTree = "<group>"; };
		0DF5682523F97F0200A99E1C /* b2_edge_shape.h */ = {isa = PBXFileReference; fileEncoding = 4; lastKnownFileType = sourcecode.c.h; path = b2_edge_shape.h; sourceTree = "<group>"; };
		0DF5682823F97F1C00A99E1C /* b2_joint.cpp */ = {isa = PBXFileReference; fileEncoding = 4; lastKnownFileType = sourcecode.cpp.cpp; path = b2_joint.cpp; sourceTree = "<group>"; };
		0DF5682923F97F1C00A99E1C /* b2_chain_polygon_contact.h */ = {isa = PBXFileReference; fileEncoding = 4; lastKnownFileType = sourcecode.c.h; path = b2_chain_polygon_contact.h; sourceTree = "<group>"; };
		0DF5682A23F97F1C00A99E1C /* b2_chain_circle_contact.cpp */ = {isa = PBXFileReference; fileEncoding = 4; lastKnownFileType = sourcecode.cpp.cpp; path = b2_chain_circle_contact.cpp; sourceTree = "<group>"; };
		0DF5682B23F97F1C00A99E1C /* b2_chain_circle_contact.h */ = {isa = PBXFileReference; fileEncoding = 4; lastKnownFileType = sourcecode.c.h; path = b2_chain_circle_contact.h; sourceTree = "<group>"; };
		0DF5682C23F97F1C00A99E1C /* b2_polygon_circle_contact.h */ = {isa = PBXFileReference; fileEncoding = 4; lastKnownFileType = sourcecode.c.h; path = b2_polygon_circle_contact.h; sourceTree = "<group>"; };
		0DF5682D23F97F1C00A99E1C /* b2_circle_contact.h */ = {isa = PBXFileReference; fileEncoding = 4; lastKnownFileType = sourcecode.c.h; path = b2_circle_contact.h; sourceTree = "<group>"; };
		0DF5682E23F97F1C00A99E1C /* b2_weld_joint.cpp */ = {isa = PBXFileReference; fileEncoding = 4; lastKnownFileType = sourcecode.cpp.cpp; path = b2_weld_joint.cpp; sourceTree = "<group>"; };
		0DF5682F23F97F1C00A99E1C /* b2_chain_polygon_contact.cpp */ = {isa = PBXFileReference; fileEncoding = 4; lastKnownFileType = sourcecode.cpp.cpp; path = b2_chain_polygon_contact.cpp; sourceTree = "<group>"; };
		0DF5683023F97F1C00A99E1C /* b2_edge_circle_contact.h */ = {isa = PBXFileReference; fileEncoding = 4; lastKnownFileType = sourcecode.c.h; path = b2_edge_circle_contact.h; sourceTree = "<group>"; };
		0DF5683123F97F1C00A99E1C /* b2_body.cpp */ = {isa = PBXFileReference; fileEncoding = 4; lastKnownFileType = sourcecode.cpp.cpp; path = b2_body.cpp; sourceTree = "<group>"; };
		0DF5683223F97F1C00A99E1C /* b2_contact.cpp */ = {isa = PBXFileReference; fileEncoding = 4; lastKnownFileType = sourcecode.cpp.cpp; path = b2_contact.cpp; sourceTree = "<group>"; };
		0DF5683323F97F1C00A99E1C /* b2_revolute_joint.cpp */ = {isa = PBXFileReference; fileEncoding = 4; lastKnownFileType = sourcecode.cpp.cpp; path = b2_revolute_joint.cpp; sourceTree = "<group>"; };
		0DF5683423F97F1C00A99E1C /* b2_contact_solver.h */ = {isa = PBXFileReference; fileEncoding = 4; lastKnownFileType = sourcecode.c.h; path = b2_contact_solver.h; sourceTree = "<group>"; };
		0DF5683523F97F1C00A99E1C /* b2_contact_solver.cpp */ = {isa = PBXFileReference; fileEncoding = 4; lastKnownFileType = sourcecode.cpp.cpp; path = b2_contact_solver.cpp; sourceTree = "<group>"; };
		0DF5683623F97F1C00A99E1C /* b2_world_callbacks.cpp */ = {isa = PBXFileReference; fileEncoding = 4; lastKnownFileType = sourcecode.cpp.cpp; path = b2_world_callbacks.cpp; sourceTree = "<group>"; };
		0DF5683723F97F1C00A99E1C /* b2_pulley_joint.cpp */ = {isa = PBXFileReference; fileEncoding = 4; lastKnownFileType = sourcecode.cpp.cpp; path = b2_pulley_joint.cpp; sourceTree = "<group>"; };
		0DF5683823F97F1C00A99E1C /* b2_polygon_circle_contact.cpp */ = {isa = PBXFileReference; fileEncoding = 4; lastKnownFileType = sourcecode.cpp.cpp; path = b2_polygon_circle_contact.cpp; sourceTree = "<group>"; };
		0DF5683923F97F1C00A99E1C /* b2_edge_polygon_contact.h */ = {isa = PBXFileReference; fileEncoding = 4; lastKnownFileType = sourcecode.c.h; path = b2_edge_polygon_contact.h; sourceTree = "<group>"; };
		0DF5683A23F97F1C00A99E1C /* b2_distance_joint.cpp */ = {isa = PBXFileReference; fileEncoding = 4; lastKnownFileType = sourcecode.cpp.cpp; path = b2_distance_joint.cpp; sourceTree = "<group>"; };
		0DF5683B23F97F1C00A99E1C /* b2_contact_manager.cpp */ = {isa = PBXFileReference; fileEncoding = 4; lastKnownFileType = sourcecode.cpp.cpp; path = b2_contact_manager.cpp; sourceTree = "<group>"; };
		0DF5683C23F97F1C00A99E1C /* b2_polygon_contact.cpp */ = {isa = PBXFileReference; fileEncoding = 4; lastKnownFileType = sourcecode.cpp.cpp; path = b2_polygon_contact.cpp; sourceTree = "<group>"; };
		0DF5683D23F97F1C00A99E1C /* b2_edge_polygon_contact.cpp */ = {isa = PBXFileReference; fileEncoding = 4; lastKnownFileType = sourcecode.cpp.cpp; path = b2_edge_polygon_contact.cpp; sourceTree = "<group>"; };
		0DF5683E23F97F1C00A99E1C /* b2_edge_circle_contact.cpp */ = {isa = PBXFileReference; fileEncoding = 4; lastKnownFileType = sourcecode.cpp.cpp; path = b2_edge_circle_contact.cpp; sourceTree = "<group>"; };
		0DF5683F23F97F1C00A99E1C /* b2_gear_joint.cpp */ = {isa = PBXFileReference; fileEncoding = 4; lastKnownFileType = sourcecode.cpp.cpp; path = b2_gear_joint.cpp; sourceTree = "<group>"; };
		0DF5684023F97F1C00A99E1C /* b2_friction_joint.cpp */ = {isa = PBXFileReference; fileEncoding = 4; lastKnownFileType = sourcecode.cpp.cpp; path = b2_friction_joint.cpp; sourceTree = "<group>"; };
		0DF5684123F97F1C00A99E1C /* b2_wheel_joint.cpp */ = {isa = PBXFileReference; fileEncoding = 4; lastKnownFileType = sourcecode.cpp.cpp; path = b2_wheel_joint.cpp; sourceTree = "<group>"; };
		0DF5684223F97F1C00A99E1C /* b2_polygon_contact.h */ = {isa = PBXFileReference; fileEncoding = 4; lastKnownFileType = sourcecode.c.h; path = b2_polygon_contact.h; sourceTree = "<group>"; };
		0DF5684323F97F1C00A99E1C /* b2_motor_joint.cpp */ = {isa = PBXFileReference; fileEncoding = 4; lastKnownFileType = sourcecode.cpp.cpp; path = b2_motor_joint.cpp; sourceTree = "<group>"; };
		0DF5684423F97F1C00A99E1C /* b2_rope_joint.cpp */ = {isa = PBXFileReference; fileEncoding = 4; lastKnownFileType = sourcecode.cpp.cpp; path = b2_rope_joint.cpp; sourceTree = "<group>"; };
		0DF5684523F97F1C00A99E1C /* b2_world.cpp */ = {isa = PBXFileReference; fileEncoding = 4; lastKnownFileType = sourcecode.cpp.cpp; path = b2_world.cpp; sourceTree = "<group>"; };
		0DF5684623F97F1C00A99E1C /* b2_island.cpp */ = {isa = PBXFileReference; fileEncoding = 4; lastKnownFileType = sourcecode.cpp.cpp; path = b2_island.cpp; sourceTree = "<group>"; };
		0DF5684723F97F1C00A99E1C /* b2_mouse_joint.cpp */ = {isa = PBXFileReference; fileEncoding = 4; lastKnownFileType = sourcecode.cpp.cpp; path = b2_mouse_joint.cpp; sourceTree = "<group>"; };
		0DF5684823F97F1C00A99E1C /* b2_circle_contact.cpp */ = {isa = PBXFileReference; fileEncoding = 4; lastKnownFileType = sourcecode.cpp.cpp; path = b2_circle_contact.cpp; sourceTree = "<group>"; };
		0DF5684923F97F1C00A99E1C /* b2_prismatic_joint.cpp */ = {isa = PBXFileReference; fileEncoding = 4; lastKnownFileType = sourcecode.cpp.cpp; path = b2_prismatic_joint.cpp; sourceTree = "<group>"; };
		0DF5684A23F97F1C00A99E1C /* b2_fixture.cpp */ = {isa = PBXFileReference; fileEncoding = 4; lastKnownFileType = sourcecode.cpp.cpp; path = b2_fixture.cpp; sourceTree = "<group>"; };
		0DF5684B23F97F1C00A99E1C /* b2_island.h */ = {isa = PBXFileReference; fileEncoding = 4; lastKnownFileType = sourcecode.c.h; path = b2_island.h; sourceTree = "<group>"; };
		0DF5684C23F97F1C00A99E1C /* CMakeLists.txt */ = {isa = PBXFileReference; fileEncoding = 4; lastKnownFileType = text; path = CMakeLists.txt; sourceTree = "<group>"; };
		0DF5684E23F97F1C00A99E1C /* b2_rope.cpp */ = {isa = PBXFileReference; fileEncoding = 4; lastKnownFileType = sourcecode.cpp.cpp; path = b2_rope.cpp; sourceTree = "<group>"; };
		0DF5685023F97F1C00A99E1C /* b2_draw.cpp */ = {isa = PBXFileReference; fileEncoding = 4; lastKnownFileType = sourcecode.cpp.cpp; path = b2_draw.cpp; sourceTree = "<group>"; };
		0DF5685123F97F1C00A99E1C /* b2_timer.cpp */ = {isa = PBXFileReference; fileEncoding = 4; lastKnownFileType = sourcecode.cpp.cpp; path = b2_timer.cpp; sourceTree = "<group>"; };
		0DF5685223F97F1C00A99E1C /* b2_block_allocator.cpp */ = {isa = PBXFileReference; fileEncoding = 4; lastKnownFileType = sourcecode.cpp.cpp; path = b2_block_allocator.cpp; sourceTree = "<group>"; };
		0DF5685323F97F1C00A99E1C /* b2_stack_allocator.cpp */ = {isa = PBXFileReference; fileEncoding = 4; lastKnownFileType = sourcecode.cpp.cpp; path = b2_stack_allocator.cpp; sourceTree = "<group>"; };
		0DF5685423F97F1C00A99E1C /* b2_settings.cpp */ = {isa = PBXFileReference; fileEncoding = 4; lastKnownFileType = sourcecode.cpp.cpp; path = b2_settings.cpp; sourceTree = "<group>"; };
		0DF5685523F97F1C00A99E1C /* b2_math.cpp */ = {isa = PBXFileReference; fileEncoding = 4; lastKnownFileType = sourcecode.cpp.cpp; path = b2_math.cpp; sourceTree = "<group>"; };
		0DF5685723F97F1C00A99E1C /* b2_collide_circle.cpp */ = {isa = PBXFileReference; fileEncoding = 4; lastKnownFileType = sourcecode.cpp.cpp; path = b2_collide_circle.cpp; sourceTree = "<group>"; };
		0DF5685823F97F1C00A99E1C /* b2_circle_shape.cpp */ = {isa = PBXFileReference; fileEncoding = 4; lastKnownFileType = sourcecode.cpp.cpp; path = b2_circle_shape.cpp; sourceTree = "<group>"; };
		0DF5685923F97F1C00A99E1C /* b2_collision.cpp */ = {isa = PBXFileReference; fileEncoding = 4; lastKnownFileType = sourcecode.cpp.cpp; path = b2_collision.cpp; sourceTree = "<group>"; };
		0DF5685A23F97F1C00A99E1C /* b2_collide_edge.cpp */ = {isa = PBXFileReference; fileEncoding = 4; lastKnownFileType = sourcecode.cpp.cpp; path = b2_collide_edge.cpp; sourceTree = "<group>"; };
		0DF5685B23F97F1C00A99E1C /* b2_chain_shape.cpp */ = {isa = PBXFileReference; fileEncoding = 4; lastKnownFileType = sourcecode.cpp.cpp; path = b2_chain_shape.cpp; sourceTree = "<group>"; };
		0DF5685C23F97F1C00A99E1C /* b2_broad_phase.cpp */ = {isa = PBXFileReference; fileEncoding = 4; lastKnownFileType = sourcecode.cpp.cpp; path = b2_broad_phase.cpp; sourceTree = "<group>"; };
		0DF5685D23F97F1C00A99E1C /* b2_dynamic_tree.cpp */ = {isa = PBXFileReference; fileEncoding = 4; lastKnownFileType = sourcecode.cpp.cpp; path = b2_dynamic_tree.cpp; sourceTree = "<group>"; };
		0DF5685E23F97F1C00A99E1C /* b2_polygon_shape.cpp */ = {isa = PBXFileReference; fileEncoding = 4; lastKnownFileType = sourcecode.cpp.cpp; path = b2_polygon_shape.cpp; sourceTree = "<group>"; };
		0DF5685F23F97F1C00A99E1C /* b2_collide_polygon.cpp */ = {isa = PBXFileReference; fileEncoding = 4; lastKnownFileType = sourcecode.cpp.cpp; path = b2_collide_polygon.cpp; sourceTree = "<group>"; };
		0DF5686023F97F1C00A99E1C /* b2_edge_shape.cpp */ = {isa = PBXFileReference; fileEncoding = 4; lastKnownFileType = sourcecode.cpp.cpp; path = b2_edge_shape.cpp; sourceTree = "<group>"; };
		0DF5686123F97F1C00A99E1C /* b2_time_of_impact.cpp */ = {isa = PBXFileReference; fileEncoding = 4; lastKnownFileType = sourcecode.cpp.cpp; path = b2_time_of_impact.cpp; sourceTree = "<group>"; };
		0DF5686223F97F1C00A99E1C /* b2_distance.cpp */ = {isa = PBXFileReference; fileEncoding = 4; lastKnownFileType = sourcecode.cpp.cpp; path = b2_distance.cpp; sourceTree = "<group>"; };
		0DF5689523F983DC00A99E1C /* Director.h */ = {isa = PBXFileReference; fileEncoding = 4; lastKnownFileType = sourcecode.c.h; path = Director.h; sourceTree = "<group>"; };
		0DF5689723F983DC00A99E1C /* Light.h */ = {isa = PBXFileReference; fileEncoding = 4; lastKnownFileType = sourcecode.c.h; path = Light.h; sourceTree = "<group>"; };
		0DF5689923F983DC00A99E1C /* types.h */ = {isa = PBXFileReference; fileEncoding = 4; lastKnownFileType = sourcecode.c.h; path = types.h; sourceTree = "<group>"; };
		0DF5689A23F983DC00A99E1C /* Camera.h */ = {isa = PBXFileReference; fileEncoding = 4; lastKnownFileType = sourcecode.c.h; path = Camera.h; sourceTree = "<group>"; };
		0DF5689D23F983DC00A99E1C /* ActionRunner.h */ = {isa = PBXFileReference; fileEncoding = 4; lastKnownFileType = sourcecode.c.h; path = ActionRunner.h; sourceTree = "<group>"; };
		0DF5689E23F983DC00A99E1C /* Color.h */ = {isa = PBXFileReference; fileEncoding = 4; lastKnownFileType = sourcecode.c.h; path = Color.h; sourceTree = "<group>"; };
		0DF5689F23F983DC00A99E1C /* all */ = {isa = PBXFileReference; fileEncoding = 4; lastKnownFileType = text; path = all; sourceTree = "<group>"; };
		0DF568A023F983DC00A99E1C /* Node.h */ = {isa = PBXFileReference; fileEncoding = 4; lastKnownFileType = sourcecode.c.h; path = Node.h; sourceTree = "<group>"; };
		0DF568A523F983DC00A99E1C /* Box.h */ = {isa = PBXFileReference; fileEncoding = 4; lastKnownFileType = sourcecode.c.h; path = Box.h; sourceTree = "<group>"; };
		0DF568A723F983DC00A99E1C /* Sphere.h */ = {isa = PBXFileReference; fileEncoding = 4; lastKnownFileType = sourcecode.c.h; path = Sphere.h; sourceTree = "<group>"; };
		0DF568A923F983DC00A99E1C /* Geometry.h */ = {isa = PBXFileReference; fileEncoding = 4; lastKnownFileType = sourcecode.c.h; path = Geometry.h; sourceTree = "<group>"; };
		0DF568AB23F983DC00A99E1C /* Scene.h */ = {isa = PBXFileReference; fileEncoding = 4; lastKnownFileType = sourcecode.c.h; path = Scene.h; sourceTree = "<group>"; };
		0DF568BA23F983FB00A99E1C /* actions.h */ = {isa = PBXFileReference; fileEncoding = 4; lastKnownFileType = sourcecode.c.h; path = actions.h; sourceTree = "<group>"; };
		0DF568BE23F983FB00A99E1C /* all */ = {isa = PBXFileReference; fileEncoding = 4; lastKnownFileType = text; path = all; sourceTree = "<group>"; };
		0DF568BF23F983FB00A99E1C /* Action.h */ = {isa = PBXFileReference; fileEncoding = 4; lastKnownFileType = sourcecode.c.h; path = Action.h; sourceTree = "<group>"; };
		0DF568C023F983FB00A99E1C /* ActionInterval.h */ = {isa = PBXFileReference; fileEncoding = 4; lastKnownFileType = sourcecode.c.h; path = ActionInterval.h; sourceTree = "<group>"; };
		0DF568CC23F9846A00A99E1C /* Director.cpp */ = {isa = PBXFileReference; fileEncoding = 4; lastKnownFileType = sourcecode.cpp.cpp; path = Director.cpp; sourceTree = "<group>"; };
		0DF568CD23F9846A00A99E1C /* Geometry.cpp */ = {isa = PBXFileReference; fileEncoding = 4; lastKnownFileType = sourcecode.cpp.cpp; path = Geometry.cpp; sourceTree = "<group>"; };
		0DF568CE23F9846A00A99E1C /* Scene.cpp */ = {isa = PBXFileReference; fileEncoding = 4; lastKnownFileType = sourcecode.cpp.cpp; path = Scene.cpp; sourceTree = "<group>"; };
		0DF568CF23F9846A00A99E1C /* Box.cpp */ = {isa = PBXFileReference; fileEncoding = 4; lastKnownFileType = sourcecode.cpp.cpp; path = Box.cpp; sourceTree = "<group>"; };
		0DF568D023F9846A00A99E1C /* Camera.cpp */ = {isa = PBXFileReference; fileEncoding = 4; lastKnownFileType = sourcecode.cpp.cpp; path = Camera.cpp; sourceTree = "<group>"; };
		0DF568D123F9846A00A99E1C /* Node.cpp */ = {isa = PBXFileReference; fileEncoding = 4; lastKnownFileType = sourcecode.cpp.cpp; path = Node.cpp; sourceTree = "<group>"; };
		0DF568D223F9846A00A99E1C /* Light.cpp */ = {isa = PBXFileReference; fileEncoding = 4; lastKnownFileType = sourcecode.cpp.cpp; path = Light.cpp; sourceTree = "<group>"; };
		0DF568D323F9846A00A99E1C /* Color.cpp */ = {isa = PBXFileReference; fileEncoding = 4; lastKnownFileType = sourcecode.cpp.cpp; path = Color.cpp; sourceTree = "<group>"; };
		0DF568D423F9846A00A99E1C /* ActionRunner.cpp */ = {isa = PBXFileReference; fileEncoding = 4; lastKnownFileType = sourcecode.cpp.cpp; path = ActionRunner.cpp; sourceTree = "<group>"; };
		0DF568D523F9846A00A99E1C /* Sphere.cpp */ = {isa = PBXFileReference; fileEncoding = 4; lastKnownFileType = sourcecode.cpp.cpp; path = Sphere.cpp; sourceTree = "<group>"; };
		0DF568E323F986AD00A99E1C /* ActionInterval.cpp */ = {isa = PBXFileReference; fileEncoding = 4; lastKnownFileType = sourcecode.cpp.cpp; path = ActionInterval.cpp; sourceTree = "<group>"; };
		0DF568E423F986AE00A99E1C /* Action.cpp */ = {isa = PBXFileReference; fileEncoding = 4; lastKnownFileType = sourcecode.cpp.cpp; path = Action.cpp; sourceTree = "<group>"; };
		0DF568E723F9891300A99E1C /* Game.hpp */ = {isa = PBXFileReference; fileEncoding = 4; lastKnownFileType = sourcecode.cpp.h; path = Game.hpp; sourceTree = "<group>"; };
/* End PBXFileReference section */

/* Begin PBXFrameworksBuildPhase section */
		0DA944EF23D6429D00AEBEAA /* Frameworks */ = {
			isa = PBXFrameworksBuildPhase;
			buildActionMask = 2147483647;
			files = (
				0DD1B0D423D7AF9A00E65C07 /* MapKit.framework in Frameworks */,
				0DDF681123DC620B00827D46 /* MetalKit.framework in Frameworks */,
				0DD1B0D223D7A0A900E65C07 /* SceneKit.framework in Frameworks */,
				0DD1B0D023D79FDF00E65C07 /* Metal.framework in Frameworks */,
			);
			runOnlyForDeploymentPostprocessing = 0;
		};
		0DA9450A23D6429F00AEBEAA /* Frameworks */ = {
			isa = PBXFrameworksBuildPhase;
			buildActionMask = 2147483647;
			files = (
			);
			runOnlyForDeploymentPostprocessing = 0;
		};
		0DA9451523D6429F00AEBEAA /* Frameworks */ = {
			isa = PBXFrameworksBuildPhase;
			buildActionMask = 2147483647;
			files = (
			);
			runOnlyForDeploymentPostprocessing = 0;
		};
/* End PBXFrameworksBuildPhase section */

/* Begin PBXGroup section */
		0D69FA1323F8172B00C80AA3 /* tests */ = {
			isa = PBXGroup;
			children = (
				0D69FA1423F8172B00C80AA3 /* tests.hpp */,
			);
			path = tests;
			sourceTree = "<group>";
		};
		0DA944E923D6429D00AEBEAA = {
			isa = PBXGroup;
			children = (
				0DA944F423D6429D00AEBEAA /* Skeleton */,
				0DA9451023D6429F00AEBEAA /* SkeletonTests */,
				0DA9451B23D6429F00AEBEAA /* SkeletonUITests */,
				0DA944F323D6429D00AEBEAA /* Products */,
				0DD1B0CE23D79FDE00E65C07 /* Frameworks */,
			);
			sourceTree = "<group>";
		};
		0DA944F323D6429D00AEBEAA /* Products */ = {
			isa = PBXGroup;
			children = (
				0DA944F223D6429D00AEBEAA /* Skeleton.app */,
				0DA9450D23D6429F00AEBEAA /* SkeletonTests.xctest */,
				0DA9451823D6429F00AEBEAA /* SkeletonUITests.xctest */,
			);
			name = Products;
			sourceTree = "<group>";
		};
		0DA944F423D6429D00AEBEAA /* Skeleton */ = {
			isa = PBXGroup;
			children = (
				0DF567FA23F97ECE00A99E1C /* externals */,
				0DF567E823F97D6D00A99E1C /* BulletDynamics.xcodeproj */,
				0DF567EE23F97D6D00A99E1C /* LinearMath.xcodeproj */,
				0DF567E223F97D3500A99E1C /* BulletCollision.xcodeproj */,
				0DDF67EB23DC583000827D46 /* apple */,
				0DDF67F623DC583000827D46 /* mak3do */,
				0DA9450123D6429F00AEBEAA /* Assets.xcassets */,
				0DA9450623D6429F00AEBEAA /* Info.plist */,
				0DA9450723D6429F00AEBEAA /* main.m */,
				0D34016523F0074B00183EAC /* test_scene.scn */,
			);
			path = Skeleton;
			sourceTree = "<group>";
		};
		0DA9451023D6429F00AEBEAA /* SkeletonTests */ = {
			isa = PBXGroup;
			children = (
				0DA9451123D6429F00AEBEAA /* SkeletonTests.m */,
				0DA9451323D6429F00AEBEAA /* Info.plist */,
			);
			path = SkeletonTests;
			sourceTree = "<group>";
		};
		0DA9451B23D6429F00AEBEAA /* SkeletonUITests */ = {
			isa = PBXGroup;
			children = (
				0DA9451C23D6429F00AEBEAA /* SkeletonUITests.m */,
				0DA9451E23D6429F00AEBEAA /* Info.plist */,
			);
			path = SkeletonUITests;
			sourceTree = "<group>";
		};
		0DD1B0CE23D79FDE00E65C07 /* Frameworks */ = {
			isa = PBXGroup;
			children = (
				0DDF681023DC620B00827D46 /* MetalKit.framework */,
				0DD1B0D323D7AF9A00E65C07 /* MapKit.framework */,
				0DD1B0D123D7A0A900E65C07 /* SceneKit.framework */,
				0DD1B0CF23D79FDE00E65C07 /* Metal.framework */,
			);
			name = Frameworks;
			sourceTree = "<group>";
		};
		0DDF67EB23DC583000827D46 /* apple */ = {
			isa = PBXGroup;
			children = (
				0DDF67EC23DC583000827D46 /* AppDelegate.h */,
				0DDF67F423DC583000827D46 /* AppDelegate.mm */,
				0DDF67F323DC583000827D46 /* SceneRenderer.h */,
				0DDF67ED23DC583000827D46 /* SceneRenderer.mm */,
				0DDF67F223DC583000827D46 /* DirectorDisplayLink.h */,
				0DDF67EE23DC583000827D46 /* DirectorDisplayLink.mm */,
				0DDF67F523DC583000827D46 /* ViewController.h */,
				0DDF67EF23DC583000827D46 /* ViewController.m */,
				0DDF67F023DC583000827D46 /* ShaderTypes.h */,
				0DDF67F123DC583000827D46 /* TestShaders.metal */,
			);
			path = apple;
			sourceTree = "<group>";
		};
		0DDF67F623DC583000827D46 /* mak3do */ = {
			isa = PBXGroup;
			children = (
				0DF568E723F9891300A99E1C /* Game.hpp */,
				0DF5689223F983DC00A99E1C /* scenegraph */,
				0D69FA1323F8172B00C80AA3 /* tests */,
				0DDF682323E5887D00827D46 /* math */,
				0DDF680623DC5E4500827D46 /* apple */,
			);
			path = mak3do;
			sourceTree = "<group>";
		};
		0DDF680623DC5E4500827D46 /* apple */ = {
			isa = PBXGroup;
			children = (
				0DDF681B23DC63EB00827D46 /* DirectorImpl.h */,
				0DDF681C23DC63EB00827D46 /* DirectorImpl.mm */,
				0DDF681A23DC63EB00827D46 /* NodeImpl.h */,
				0DDF681D23DC63EB00827D46 /* NodeImpl.mm */,
				0DDF681F23DC63EB00827D46 /* SceneImpl.h */,
				0DDF681E23DC63EB00827D46 /* SceneImpl.mm */,
				0D5CBD4923EEC5A500C6D42C /* CameraImpl.h */,
				0D5CBD4823EEC5A500C6D42C /* CameraImpl.mm */,
				0D5CBD4A23EEC5A500C6D42C /* LightImpl.h */,
				0D5CBD4B23EEC5A500C6D42C /* LightImpl.mm */,
				0D69F9FF23F804D500C80AA3 /* CameraImpl.h */,
				0D69F9FE23F804D400C80AA3 /* GeometryImpl.h */,
				0D69F9FD23F804D400C80AA3 /* GeometryImpl.mm */,
				0D69FA0D23F80E0F00C80AA3 /* SphereImpl.h */,
				0D69FA0E23F80E0F00C80AA3 /* SphereImpl.mm */,
				0D69FA1123F8131300C80AA3 /* BoxImpl.h */,
				0D69FA1023F8131300C80AA3 /* BoxImpl.mm */,
			);
			path = apple;
			sourceTree = "<group>";
		};
		0DDF682323E5887D00827D46 /* math */ = {
			isa = PBXGroup;
			children = (
				0DDF684F23E5894D00827D46 /* all */,
				0DDF684923E5891A00827D46 /* macros.h */,
				0DDF684C23E5891B00827D46 /* utils.cpp */,
				0DDF684823E5891A00827D46 /* utils.h */,
				0DDF684A23E5891A00827D46 /* utils.inl */,
				0DDF682423E5887D00827D46 /* Vec2.h */,
				0DDF682523E5887D00827D46 /* Mat4.h */,
				0DDF682623E5887D00827D46 /* Quaternion.inl */,
				0DDF682723E5887D00827D46 /* Mat4.inl */,
				0DDF682823E5887D00827D46 /* Vec3.inl */,
				0DDF682923E5887D00827D46 /* Vec2.inl */,
				0DDF682C23E5887D00827D46 /* Plane.h */,
				0DDF682D23E5887D00827D46 /* Vec4.inl */,
				0DDF682E23E5887D00827D46 /* Vec4.h */,
				0DDF682F23E5887D00827D46 /* Mat4.cpp */,
				0DDF682A23E5887D00827D46 /* Quaternion.h */,
				0DDF683023E5887D00827D46 /* Quaternion.cpp */,
				0DDF683123E5887D00827D46 /* math.h */,
				0DDF683223E5887D00827D46 /* Vec4.cpp */,
				0DDF683323E5887D00827D46 /* Vec3.h */,
				0DDF683723E5887D00827D46 /* Vec2.cpp */,
				0DDF683923E5887E00827D46 /* Plane.cpp */,
				0DDF683A23E5887E00827D46 /* Vec3.cpp */,
			);
			path = math;
			sourceTree = "<group>";
		};
		0DF567E323F97D3500A99E1C /* Products */ = {
			isa = PBXGroup;
			children = (
				0DF567E723F97D3500A99E1C /* libBulletCollision_xcode4_x64_debug.a */,
			);
			name = Products;
			sourceTree = "<group>";
		};
		0DF567E923F97D6D00A99E1C /* Products */ = {
			isa = PBXGroup;
			children = (
				0DF567ED23F97D6D00A99E1C /* libBulletDynamics_xcode4_x64_debug.a */,
			);
			name = Products;
			sourceTree = "<group>";
		};
		0DF567EF23F97D6D00A99E1C /* Products */ = {
			isa = PBXGroup;
			children = (
				0DF567F323F97D6D00A99E1C /* libLinearMath_xcode4_x64_debug.a */,
			);
			name = Products;
			sourceTree = "<group>";
		};
		0DF567FA23F97ECE00A99E1C /* externals */ = {
			isa = PBXGroup;
			children = (
				0DF567FB23F97EDB00A99E1C /* box2d */,
			);
			name = externals;
			sourceTree = "<group>";
		};
		0DF567FB23F97EDB00A99E1C /* box2d */ = {
			isa = PBXGroup;
			children = (
				0DF567FE23F97F0200A99E1C /* include */,
			);
			name = box2d;
			sourceTree = "<group>";
		};
		0DF567FE23F97F0200A99E1C /* include */ = {
			isa = PBXGroup;
			children = (
				0DF5682623F97F1C00A99E1C /* src */,
				0DF567FF23F97F0200A99E1C /* box2d */,
			);
			name = include;
			path = externals/box2d/include;
			sourceTree = "<group>";
		};
		0DF567FF23F97F0200A99E1C /* box2d */ = {
			isa = PBXGroup;
			children = (
				0DF5680023F97F0200A99E1C /* b2_joint.h */,
				0DF5680123F97F0200A99E1C /* b2_shape.h */,
				0DF5680223F97F0200A99E1C /* b2_block_allocator.h */,
				0DF5680323F97F0200A99E1C /* b2_motor_joint.h */,
				0DF5680423F97F0200A99E1C /* b2_weld_joint.h */,
				0DF5680523F97F0200A99E1C /* b2_dynamic_tree.h */,
				0DF5680623F97F0200A99E1C /* b2_fixture.h */,
				0DF5680723F97F0200A99E1C /* b2_stack_allocator.h */,
				0DF5680823F97F0200A99E1C /* box2d.h */,
				0DF5680923F97F0200A99E1C /* b2_broad_phase.h */,
				0DF5680A23F97F0200A99E1C /* b2_settings.h */,
				0DF5680B23F97F0200A99E1C /* b2_revolute_joint.h */,
				0DF5680C23F97F0200A99E1C /* b2_rope.h */,
				0DF5680D23F97F0200A99E1C /* b2_distance_joint.h */,
				0DF5680E23F97F0200A99E1C /* b2_body.h */,
				0DF5680F23F97F0200A99E1C /* b2_distance.h */,
				0DF5681023F97F0200A99E1C /* b2_time_step.h */,
				0DF5681123F97F0200A99E1C /* b2_pulley_joint.h */,
				0DF5681223F97F0200A99E1C /* b2_circle_shape.h */,
				0DF5681323F97F0200A99E1C /* b2_math.h */,
				0DF5681423F97F0200A99E1C /* b2_time_of_impact.h */,
				0DF5681523F97F0200A99E1C /* b2_mouse_joint.h */,
				0DF5681623F97F0200A99E1C /* b2_friction_joint.h */,
				0DF5681723F97F0200A99E1C /* b2_contact.h */,
				0DF5681823F97F0200A99E1C /* b2_prismatic_joint.h */,
				0DF5681923F97F0200A99E1C /* b2_world.h */,
				0DF5681A23F97F0200A99E1C /* b2_polygon_shape.h */,
				0DF5681B23F97F0200A99E1C /* b2_wheel_joint.h */,
				0DF5681C23F97F0200A99E1C /* b2_growable_stack.h */,
				0DF5681D23F97F0200A99E1C /* b2_draw.h */,
				0DF5681E23F97F0200A99E1C /* b2_collision.h */,
				0DF5681F23F97F0200A99E1C /* b2_rope_joint.h */,
				0DF5682023F97F0200A99E1C /* b2_chain_shape.h */,
				0DF5682123F97F0200A99E1C /* b2_gear_joint.h */,
				0DF5682223F97F0200A99E1C /* b2_timer.h */,
				0DF5682323F97F0200A99E1C /* b2_world_callbacks.h */,
				0DF5682423F97F0200A99E1C /* b2_contact_manager.h */,
				0DF5682523F97F0200A99E1C /* b2_edge_shape.h */,
			);
			path = box2d;
			sourceTree = "<group>";
		};
		0DF5682623F97F1C00A99E1C /* src */ = {
			isa = PBXGroup;
			children = (
				0DF5682723F97F1C00A99E1C /* dynamics */,
				0DF5684C23F97F1C00A99E1C /* CMakeLists.txt */,
				0DF5684D23F97F1C00A99E1C /* rope */,
				0DF5684F23F97F1C00A99E1C /* common */,
				0DF5685623F97F1C00A99E1C /* collision */,
			);
			name = src;
			path = Skeleton/externals/box2d/src;
			sourceTree = SOURCE_ROOT;
		};
		0DF5682723F97F1C00A99E1C /* dynamics */ = {
			isa = PBXGroup;
			children = (
				0DF5682823F97F1C00A99E1C /* b2_joint.cpp */,
				0DF5682923F97F1C00A99E1C /* b2_chain_polygon_contact.h */,
				0DF5682A23F97F1C00A99E1C /* b2_chain_circle_contact.cpp */,
				0DF5682B23F97F1C00A99E1C /* b2_chain_circle_contact.h */,
				0DF5682C23F97F1C00A99E1C /* b2_polygon_circle_contact.h */,
				0DF5682D23F97F1C00A99E1C /* b2_circle_contact.h */,
				0DF5682E23F97F1C00A99E1C /* b2_weld_joint.cpp */,
				0DF5682F23F97F1C00A99E1C /* b2_chain_polygon_contact.cpp */,
				0DF5683023F97F1C00A99E1C /* b2_edge_circle_contact.h */,
				0DF5683123F97F1C00A99E1C /* b2_body.cpp */,
				0DF5683223F97F1C00A99E1C /* b2_contact.cpp */,
				0DF5683323F97F1C00A99E1C /* b2_revolute_joint.cpp */,
				0DF5683423F97F1C00A99E1C /* b2_contact_solver.h */,
				0DF5683523F97F1C00A99E1C /* b2_contact_solver.cpp */,
				0DF5683623F97F1C00A99E1C /* b2_world_callbacks.cpp */,
				0DF5683723F97F1C00A99E1C /* b2_pulley_joint.cpp */,
				0DF5683823F97F1C00A99E1C /* b2_polygon_circle_contact.cpp */,
				0DF5683923F97F1C00A99E1C /* b2_edge_polygon_contact.h */,
				0DF5683A23F97F1C00A99E1C /* b2_distance_joint.cpp */,
				0DF5683B23F97F1C00A99E1C /* b2_contact_manager.cpp */,
				0DF5683C23F97F1C00A99E1C /* b2_polygon_contact.cpp */,
				0DF5683D23F97F1C00A99E1C /* b2_edge_polygon_contact.cpp */,
				0DF5683E23F97F1C00A99E1C /* b2_edge_circle_contact.cpp */,
				0DF5683F23F97F1C00A99E1C /* b2_gear_joint.cpp */,
				0DF5684023F97F1C00A99E1C /* b2_friction_joint.cpp */,
				0DF5684123F97F1C00A99E1C /* b2_wheel_joint.cpp */,
				0DF5684223F97F1C00A99E1C /* b2_polygon_contact.h */,
				0DF5684323F97F1C00A99E1C /* b2_motor_joint.cpp */,
				0DF5684423F97F1C00A99E1C /* b2_rope_joint.cpp */,
				0DF5684523F97F1C00A99E1C /* b2_world.cpp */,
				0DF5684623F97F1C00A99E1C /* b2_island.cpp */,
				0DF5684723F97F1C00A99E1C /* b2_mouse_joint.cpp */,
				0DF5684823F97F1C00A99E1C /* b2_circle_contact.cpp */,
				0DF5684923F97F1C00A99E1C /* b2_prismatic_joint.cpp */,
				0DF5684A23F97F1C00A99E1C /* b2_fixture.cpp */,
				0DF5684B23F97F1C00A99E1C /* b2_island.h */,
			);
			path = dynamics;
			sourceTree = "<group>";
		};
		0DF5684D23F97F1C00A99E1C /* rope */ = {
			isa = PBXGroup;
			children = (
				0DF5684E23F97F1C00A99E1C /* b2_rope.cpp */,
			);
			path = rope;
			sourceTree = "<group>";
		};
		0DF5684F23F97F1C00A99E1C /* common */ = {
			isa = PBXGroup;
			children = (
				0DF5685023F97F1C00A99E1C /* b2_draw.cpp */,
				0DF5685123F97F1C00A99E1C /* b2_timer.cpp */,
				0DF5685223F97F1C00A99E1C /* b2_block_allocator.cpp */,
				0DF5685323F97F1C00A99E1C /* b2_stack_allocator.cpp */,
				0DF5685423F97F1C00A99E1C /* b2_settings.cpp */,
				0DF5685523F97F1C00A99E1C /* b2_math.cpp */,
			);
			path = common;
			sourceTree = "<group>";
		};
		0DF5685623F97F1C00A99E1C /* collision */ = {
			isa = PBXGroup;
			children = (
				0DF5685723F97F1C00A99E1C /* b2_collide_circle.cpp */,
				0DF5685823F97F1C00A99E1C /* b2_circle_shape.cpp */,
				0DF5685923F97F1C00A99E1C /* b2_collision.cpp */,
				0DF5685A23F97F1C00A99E1C /* b2_collide_edge.cpp */,
				0DF5685B23F97F1C00A99E1C /* b2_chain_shape.cpp */,
				0DF5685C23F97F1C00A99E1C /* b2_broad_phase.cpp */,
				0DF5685D23F97F1C00A99E1C /* b2_dynamic_tree.cpp */,
				0DF5685E23F97F1C00A99E1C /* b2_polygon_shape.cpp */,
				0DF5685F23F97F1C00A99E1C /* b2_collide_polygon.cpp */,
				0DF5686023F97F1C00A99E1C /* b2_edge_shape.cpp */,
				0DF5686123F97F1C00A99E1C /* b2_time_of_impact.cpp */,
				0DF5686223F97F1C00A99E1C /* b2_distance.cpp */,
			);
			path = collision;
			sourceTree = "<group>";
		};
		0DF5689223F983DC00A99E1C /* scenegraph */ = {
			isa = PBXGroup;
			children = (
				0DF568CB23F9846A00A99E1C /* src */,
				0DF568A423F983DC00A99E1C /* geometries */,
				0DF568B823F983FB00A99E1C /* actions */,
				0DF5689523F983DC00A99E1C /* Director.h */,
				0DF5689723F983DC00A99E1C /* Light.h */,
				0DF5689923F983DC00A99E1C /* types.h */,
				0DF5689A23F983DC00A99E1C /* Camera.h */,
				0DF5689D23F983DC00A99E1C /* ActionRunner.h */,
				0DF5689E23F983DC00A99E1C /* Color.h */,
				0DF5689F23F983DC00A99E1C /* all */,
				0DF568A023F983DC00A99E1C /* Node.h */,
				0DF568A923F983DC00A99E1C /* Geometry.h */,
				0DF568AB23F983DC00A99E1C /* Scene.h */,
			);
			path = scenegraph;
			sourceTree = "<group>";
		};
		0DF568A423F983DC00A99E1C /* geometries */ = {
			isa = PBXGroup;
			children = (
				0DF568A523F983DC00A99E1C /* Box.h */,
				0DF568A723F983DC00A99E1C /* Sphere.h */,
			);
			path = geometries;
			sourceTree = "<group>";
		};
		0DF568B823F983FB00A99E1C /* actions */ = {
			isa = PBXGroup;
			children = (
				0DF568BA23F983FB00A99E1C /* actions.h */,
				0DF568BE23F983FB00A99E1C /* all */,
				0DF568BF23F983FB00A99E1C /* Action.h */,
				0DF568C023F983FB00A99E1C /* ActionInterval.h */,
			);
			path = actions;
			sourceTree = "<group>";
		};
		0DF568CB23F9846A00A99E1C /* src */ = {
			isa = PBXGroup;
			children = (
				0DF568E423F986AE00A99E1C /* Action.cpp */,
				0DF568E323F986AD00A99E1C /* ActionInterval.cpp */,
				0DF568CC23F9846A00A99E1C /* Director.cpp */,
				0DF568CD23F9846A00A99E1C /* Geometry.cpp */,
				0DF568CE23F9846A00A99E1C /* Scene.cpp */,
				0DF568CF23F9846A00A99E1C /* Box.cpp */,
				0DF568D023F9846A00A99E1C /* Camera.cpp */,
				0DF568D123F9846A00A99E1C /* Node.cpp */,
				0DF568D223F9846A00A99E1C /* Light.cpp */,
				0DF568D323F9846A00A99E1C /* Color.cpp */,
				0DF568D423F9846A00A99E1C /* ActionRunner.cpp */,
				0DF568D523F9846A00A99E1C /* Sphere.cpp */,
			);
			path = src;
			sourceTree = "<group>";
		};
/* End PBXGroup section */

/* Begin PBXNativeTarget section */
		0DA944F123D6429D00AEBEAA /* Skeleton */ = {
			isa = PBXNativeTarget;
			buildConfigurationList = 0DA9452123D6429F00AEBEAA /* Build configuration list for PBXNativeTarget "Skeleton" */;
			buildPhases = (
				0DA944EE23D6429D00AEBEAA /* Sources */,
				0DA944EF23D6429D00AEBEAA /* Frameworks */,
				0DA944F023D6429D00AEBEAA /* Resources */,
			);
			buildRules = (
			);
			dependencies = (
				0DF567F523F97D9000A99E1C /* PBXTargetDependency */,
				0DF567F723F97D9000A99E1C /* PBXTargetDependency */,
				0DF567F923F97D9000A99E1C /* PBXTargetDependency */,
			);
			name = Skeleton;
			productName = Skeleton;
			productReference = 0DA944F223D6429D00AEBEAA /* Skeleton.app */;
			productType = "com.apple.product-type.application";
		};
		0DA9450C23D6429F00AEBEAA /* SkeletonTests */ = {
			isa = PBXNativeTarget;
			buildConfigurationList = 0DA9452423D6429F00AEBEAA /* Build configuration list for PBXNativeTarget "SkeletonTests" */;
			buildPhases = (
				0DA9450923D6429F00AEBEAA /* Sources */,
				0DA9450A23D6429F00AEBEAA /* Frameworks */,
				0DA9450B23D6429F00AEBEAA /* Resources */,
			);
			buildRules = (
			);
			dependencies = (
				0DA9450F23D6429F00AEBEAA /* PBXTargetDependency */,
			);
			name = SkeletonTests;
			productName = SkeletonTests;
			productReference = 0DA9450D23D6429F00AEBEAA /* SkeletonTests.xctest */;
			productType = "com.apple.product-type.bundle.unit-test";
		};
		0DA9451723D6429F00AEBEAA /* SkeletonUITests */ = {
			isa = PBXNativeTarget;
			buildConfigurationList = 0DA9452723D6429F00AEBEAA /* Build configuration list for PBXNativeTarget "SkeletonUITests" */;
			buildPhases = (
				0DA9451423D6429F00AEBEAA /* Sources */,
				0DA9451523D6429F00AEBEAA /* Frameworks */,
				0DA9451623D6429F00AEBEAA /* Resources */,
			);
			buildRules = (
			);
			dependencies = (
				0DA9451A23D6429F00AEBEAA /* PBXTargetDependency */,
			);
			name = SkeletonUITests;
			productName = SkeletonUITests;
			productReference = 0DA9451823D6429F00AEBEAA /* SkeletonUITests.xctest */;
			productType = "com.apple.product-type.bundle.ui-testing";
		};
/* End PBXNativeTarget section */

/* Begin PBXProject section */
		0DA944EA23D6429D00AEBEAA /* Project object */ = {
			isa = PBXProject;
			attributes = {
				LastUpgradeCheck = 1130;
				ORGANIZATIONNAME = "Moises Martinez";
				TargetAttributes = {
					0DA944F123D6429D00AEBEAA = {
						CreatedOnToolsVersion = 11.3.1;
					};
					0DA9450C23D6429F00AEBEAA = {
						CreatedOnToolsVersion = 11.3.1;
						TestTargetID = 0DA944F123D6429D00AEBEAA;
					};
					0DA9451723D6429F00AEBEAA = {
						CreatedOnToolsVersion = 11.3.1;
						TestTargetID = 0DA944F123D6429D00AEBEAA;
					};
				};
			};
			buildConfigurationList = 0DA944ED23D6429D00AEBEAA /* Build configuration list for PBXProject "Skeleton" */;
			compatibilityVersion = "Xcode 9.3";
			developmentRegion = en;
			hasScannedForEncodings = 0;
			knownRegions = (
				en,
				Base,
			);
			mainGroup = 0DA944E923D6429D00AEBEAA;
			productRefGroup = 0DA944F323D6429D00AEBEAA /* Products */;
			projectDirPath = "";
			projectReferences = (
				{
					ProductGroup = 0DF567E323F97D3500A99E1C /* Products */;
					ProjectRef = 0DF567E223F97D3500A99E1C /* BulletCollision.xcodeproj */;
				},
				{
					ProductGroup = 0DF567E923F97D6D00A99E1C /* Products */;
					ProjectRef = 0DF567E823F97D6D00A99E1C /* BulletDynamics.xcodeproj */;
				},
				{
					ProductGroup = 0DF567EF23F97D6D00A99E1C /* Products */;
					ProjectRef = 0DF567EE23F97D6D00A99E1C /* LinearMath.xcodeproj */;
				},
			);
			projectRoot = "";
			targets = (
				0DA944F123D6429D00AEBEAA /* Skeleton */,
				0DA9450C23D6429F00AEBEAA /* SkeletonTests */,
				0DA9451723D6429F00AEBEAA /* SkeletonUITests */,
			);
		};
/* End PBXProject section */

/* Begin PBXReferenceProxy section */
		0DF567E723F97D3500A99E1C /* libBulletCollision_xcode4_x64_debug.a */ = {
			isa = PBXReferenceProxy;
			fileType = archive.ar;
			path = libBulletCollision_xcode4_x64_debug.a;
			remoteRef = 0DF567E623F97D3500A99E1C /* PBXContainerItemProxy */;
			sourceTree = BUILT_PRODUCTS_DIR;
		};
		0DF567ED23F97D6D00A99E1C /* libBulletDynamics_xcode4_x64_debug.a */ = {
			isa = PBXReferenceProxy;
			fileType = archive.ar;
			path = libBulletDynamics_xcode4_x64_debug.a;
			remoteRef = 0DF567EC23F97D6D00A99E1C /* PBXContainerItemProxy */;
			sourceTree = BUILT_PRODUCTS_DIR;
		};
		0DF567F323F97D6D00A99E1C /* libLinearMath_xcode4_x64_debug.a */ = {
			isa = PBXReferenceProxy;
			fileType = archive.ar;
			path = libLinearMath_xcode4_x64_debug.a;
			remoteRef = 0DF567F223F97D6D00A99E1C /* PBXContainerItemProxy */;
			sourceTree = BUILT_PRODUCTS_DIR;
		};
/* End PBXReferenceProxy section */

/* Begin PBXResourcesBuildPhase section */
		0DA944F023D6429D00AEBEAA /* Resources */ = {
			isa = PBXResourcesBuildPhase;
			buildActionMask = 2147483647;
			files = (
				0DA9450223D6429F00AEBEAA /* Assets.xcassets in Resources */,
				0DDF683E23E5887E00827D46 /* Vec2.inl in Resources */,
				0DDF683B23E5887E00827D46 /* Quaternion.inl in Resources */,
				0DDF683D23E5887E00827D46 /* Vec3.inl in Resources */,
				0DF5687E23F97F1C00A99E1C /* CMakeLists.txt in Resources */,
				0D34016623F0074B00183EAC /* test_scene.scn in Resources */,
				0DDF683C23E5887E00827D46 /* Mat4.inl in Resources */,
				0DDF684D23E5891B00827D46 /* utils.inl in Resources */,
				0DDF684023E5887E00827D46 /* Vec4.inl in Resources */,
			);
			runOnlyForDeploymentPostprocessing = 0;
		};
		0DA9450B23D6429F00AEBEAA /* Resources */ = {
			isa = PBXResourcesBuildPhase;
			buildActionMask = 2147483647;
			files = (
			);
			runOnlyForDeploymentPostprocessing = 0;
		};
		0DA9451623D6429F00AEBEAA /* Resources */ = {
			isa = PBXResourcesBuildPhase;
			buildActionMask = 2147483647;
			files = (
			);
			runOnlyForDeploymentPostprocessing = 0;
		};
/* End PBXResourcesBuildPhase section */

/* Begin PBXSourcesBuildPhase section */
		0DA944EE23D6429D00AEBEAA /* Sources */ = {
			isa = PBXSourcesBuildPhase;
			buildActionMask = 2147483647;
			files = (
				0DF5687923F97F1C00A99E1C /* b2_island.cpp in Sources */,
				0DF5688A23F97F1C00A99E1C /* b2_chain_shape.cpp in Sources */,
				0DF5686323F97F1C00A99E1C /* b2_joint.cpp in Sources */,
				0DF5687123F97F1C00A99E1C /* b2_edge_polygon_contact.cpp in Sources */,
				0DF5686923F97F1C00A99E1C /* b2_revolute_joint.cpp in Sources */,
				0DDF684E23E5891B00827D46 /* utils.cpp in Sources */,
				0DF5687A23F97F1C00A99E1C /* b2_mouse_joint.cpp in Sources */,
				0DF5688423F97F1C00A99E1C /* b2_settings.cpp in Sources */,
				0DF5687723F97F1C00A99E1C /* b2_rope_joint.cpp in Sources */,
				0DF568DC23F9846A00A99E1C /* Node.cpp in Sources */,
				0DF5686723F97F1C00A99E1C /* b2_body.cpp in Sources */,
				0DF5687523F97F1C00A99E1C /* b2_wheel_joint.cpp in Sources */,
				0D69FA0F23F80E0F00C80AA3 /* SphereImpl.mm in Sources */,
				0DF5687223F97F1C00A99E1C /* b2_edge_circle_contact.cpp in Sources */,
				0DF568DA23F9846A00A99E1C /* Box.cpp in Sources */,
				0DF5688623F97F1C00A99E1C /* b2_collide_circle.cpp in Sources */,
				0DDF67FA23DC583000827D46 /* DirectorDisplayLink.mm in Sources */,
				0DF5686E23F97F1C00A99E1C /* b2_distance_joint.cpp in Sources */,
				0DF5688E23F97F1C00A99E1C /* b2_collide_polygon.cpp in Sources */,
				0DF568E623F986AE00A99E1C /* Action.cpp in Sources */,
				0DDF684123E5887E00827D46 /* Mat4.cpp in Sources */,
				0DF5687D23F97F1C00A99E1C /* b2_fixture.cpp in Sources */,
				0DF5687623F97F1C00A99E1C /* b2_motor_joint.cpp in Sources */,
				0DDF682123DC63EB00827D46 /* NodeImpl.mm in Sources */,
				0DF5687C23F97F1C00A99E1C /* b2_prismatic_joint.cpp in Sources */,
				0DF5688123F97F1C00A99E1C /* b2_timer.cpp in Sources */,
				0DF5686C23F97F1C00A99E1C /* b2_pulley_joint.cpp in Sources */,
				0DDF682223DC63EB00827D46 /* SceneImpl.mm in Sources */,
				0DF5688923F97F1C00A99E1C /* b2_collide_edge.cpp in Sources */,
				0DF5688223F97F1C00A99E1C /* b2_block_allocator.cpp in Sources */,
				0DA9450823D6429F00AEBEAA /* main.m in Sources */,
				0DF5688823F97F1C00A99E1C /* b2_collision.cpp in Sources */,
				0DF5686B23F97F1C00A99E1C /* b2_world_callbacks.cpp in Sources */,
				0DF5688023F97F1C00A99E1C /* b2_draw.cpp in Sources */,
				0DF5688F23F97F1C00A99E1C /* b2_edge_shape.cpp in Sources */,
				0DDF67FD23DC583000827D46 /* AppDelegate.mm in Sources */,
				0DF568DD23F9846A00A99E1C /* Light.cpp in Sources */,
				0DF568DB23F9846A00A99E1C /* Camera.cpp in Sources */,
				0DDF684223E5887E00827D46 /* Quaternion.cpp in Sources */,
				0DF5688723F97F1C00A99E1C /* b2_circle_shape.cpp in Sources */,
				0DF5688523F97F1C00A99E1C /* b2_math.cpp in Sources */,
				0DF5687023F97F1C00A99E1C /* b2_polygon_contact.cpp in Sources */,
				0D69FA0023F804D500C80AA3 /* GeometryImpl.mm in Sources */,
				0DDF67FC23DC583000827D46 /* TestShaders.metal in Sources */,
				0DF5688D23F97F1C00A99E1C /* b2_polygon_shape.cpp in Sources */,
				0D69FA1223F8131300C80AA3 /* BoxImpl.mm in Sources */,
				0DF5686523F97F1C00A99E1C /* b2_weld_joint.cpp in Sources */,
				0DF5686623F97F1C00A99E1C /* b2_chain_polygon_contact.cpp in Sources */,
				0DF568D923F9846A00A99E1C /* Scene.cpp in Sources */,
				0DDF684723E5887E00827D46 /* Vec3.cpp in Sources */,
				0DF5686423F97F1C00A99E1C /* b2_chain_circle_contact.cpp in Sources */,
				0D5CBD4C23EEC5A500C6D42C /* CameraImpl.mm in Sources */,
				0DF5687423F97F1C00A99E1C /* b2_friction_joint.cpp in Sources */,
				0DF568DE23F9846A00A99E1C /* Color.cpp in Sources */,
				0DF5689123F97F1C00A99E1C /* b2_distance.cpp in Sources */,
				0DF5687F23F97F1C00A99E1C /* b2_rope.cpp in Sources */,
				0DF5687323F97F1C00A99E1C /* b2_gear_joint.cpp in Sources */,
				0DF5686F23F97F1C00A99E1C /* b2_contact_manager.cpp in Sources */,
				0DDF684323E5887E00827D46 /* Vec4.cpp in Sources */,
				0DDF684623E5887E00827D46 /* Plane.cpp in Sources */,
				0DDF67FB23DC583000827D46 /* ViewController.m in Sources */,
				0DF568D723F9846A00A99E1C /* Director.cpp in Sources */,
				0DF5688C23F97F1C00A99E1C /* b2_dynamic_tree.cpp in Sources */,
				0DF568E523F986AE00A99E1C /* ActionInterval.cpp in Sources */,
				0DF5686A23F97F1C00A99E1C /* b2_contact_solver.cpp in Sources */,
				0DF5687823F97F1C00A99E1C /* b2_world.cpp in Sources */,
				0DF568D823F9846A00A99E1C /* Geometry.cpp in Sources */,
				0DF5687B23F97F1C00A99E1C /* b2_circle_contact.cpp in Sources */,
				0DF568DF23F9846A00A99E1C /* ActionRunner.cpp in Sources */,
				0DF5686823F97F1C00A99E1C /* b2_contact.cpp in Sources */,
				0DDF684523E5887E00827D46 /* Vec2.cpp in Sources */,
				0DDF67F923DC583000827D46 /* SceneRenderer.mm in Sources */,
				0DF5686D23F97F1C00A99E1C /* b2_polygon_circle_contact.cpp in Sources */,
				0DF5689023F97F1C00A99E1C /* b2_time_of_impact.cpp in Sources */,
				0DDF682023DC63EB00827D46 /* DirectorImpl.mm in Sources */,
				0DF568E023F9846A00A99E1C /* Sphere.cpp in Sources */,
				0DF5688B23F97F1C00A99E1C /* b2_broad_phase.cpp in Sources */,
				0D5CBD4D23EEC5A500C6D42C /* LightImpl.mm in Sources */,
				0DF5688323F97F1C00A99E1C /* b2_stack_allocator.cpp in Sources */,
			);
			runOnlyForDeploymentPostprocessing = 0;
		};
		0DA9450923D6429F00AEBEAA /* Sources */ = {
			isa = PBXSourcesBuildPhase;
			buildActionMask = 2147483647;
			files = (
				0DA9451223D6429F00AEBEAA /* SkeletonTests.m in Sources */,
			);
			runOnlyForDeploymentPostprocessing = 0;
		};
		0DA9451423D6429F00AEBEAA /* Sources */ = {
			isa = PBXSourcesBuildPhase;
			buildActionMask = 2147483647;
			files = (
				0DA9451D23D6429F00AEBEAA /* SkeletonUITests.m in Sources */,
			);
			runOnlyForDeploymentPostprocessing = 0;
		};
/* End PBXSourcesBuildPhase section */

/* Begin PBXTargetDependency section */
		0DA9450F23D6429F00AEBEAA /* PBXTargetDependency */ = {
			isa = PBXTargetDependency;
			target = 0DA944F123D6429D00AEBEAA /* Skeleton */;
			targetProxy = 0DA9450E23D6429F00AEBEAA /* PBXContainerItemProxy */;
		};
		0DA9451A23D6429F00AEBEAA /* PBXTargetDependency */ = {
			isa = PBXTargetDependency;
			target = 0DA944F123D6429D00AEBEAA /* Skeleton */;
			targetProxy = 0DA9451923D6429F00AEBEAA /* PBXContainerItemProxy */;
		};
		0DF567F523F97D9000A99E1C /* PBXTargetDependency */ = {
			isa = PBXTargetDependency;
			name = BulletDynamics;
			targetProxy = 0DF567F423F97D9000A99E1C /* PBXContainerItemProxy */;
		};
		0DF567F723F97D9000A99E1C /* PBXTargetDependency */ = {
			isa = PBXTargetDependency;
			name = LinearMath;
			targetProxy = 0DF567F623F97D9000A99E1C /* PBXContainerItemProxy */;
		};
		0DF567F923F97D9000A99E1C /* PBXTargetDependency */ = {
			isa = PBXTargetDependency;
			name = BulletCollision;
			targetProxy = 0DF567F823F97D9000A99E1C /* PBXContainerItemProxy */;
		};
/* End PBXTargetDependency section */

/* Begin XCBuildConfiguration section */
		0DA9451F23D6429F00AEBEAA /* Debug */ = {
			isa = XCBuildConfiguration;
			buildSettings = {
				ALWAYS_SEARCH_USER_PATHS = NO;
				CLANG_ANALYZER_NONNULL = YES;
				CLANG_ANALYZER_NUMBER_OBJECT_CONVERSION = YES_AGGRESSIVE;
				CLANG_CXX_LANGUAGE_STANDARD = "gnu++14";
				CLANG_CXX_LIBRARY = "libc++";
				CLANG_ENABLE_MODULES = YES;
				CLANG_ENABLE_OBJC_ARC = YES;
				CLANG_ENABLE_OBJC_WEAK = YES;
				CLANG_WARN_BLOCK_CAPTURE_AUTORELEASING = YES;
				CLANG_WARN_BOOL_CONVERSION = YES;
				CLANG_WARN_COMMA = YES;
				CLANG_WARN_CONSTANT_CONVERSION = YES;
				CLANG_WARN_DEPRECATED_OBJC_IMPLEMENTATIONS = YES;
				CLANG_WARN_DIRECT_OBJC_ISA_USAGE = YES_ERROR;
				CLANG_WARN_DOCUMENTATION_COMMENTS = YES;
				CLANG_WARN_EMPTY_BODY = YES;
				CLANG_WARN_ENUM_CONVERSION = YES;
				CLANG_WARN_INFINITE_RECURSION = YES;
				CLANG_WARN_INT_CONVERSION = YES;
				CLANG_WARN_NON_LITERAL_NULL_CONVERSION = YES;
				CLANG_WARN_OBJC_IMPLICIT_RETAIN_SELF = YES;
				CLANG_WARN_OBJC_LITERAL_CONVERSION = YES;
				CLANG_WARN_OBJC_ROOT_CLASS = YES_ERROR;
				CLANG_WARN_RANGE_LOOP_ANALYSIS = YES;
				CLANG_WARN_STRICT_PROTOTYPES = YES;
				CLANG_WARN_SUSPICIOUS_MOVE = YES;
				CLANG_WARN_UNGUARDED_AVAILABILITY = YES_AGGRESSIVE;
				CLANG_WARN_UNREACHABLE_CODE = YES;
				CLANG_WARN__DUPLICATE_METHOD_MATCH = YES;
				COPY_PHASE_STRIP = NO;
				DEBUG_INFORMATION_FORMAT = dwarf;
				ENABLE_STRICT_OBJC_MSGSEND = YES;
				ENABLE_TESTABILITY = YES;
				GCC_C_LANGUAGE_STANDARD = gnu11;
				GCC_DYNAMIC_NO_PIC = NO;
				GCC_NO_COMMON_BLOCKS = YES;
				GCC_OPTIMIZATION_LEVEL = 0;
				GCC_PREPROCESSOR_DEFINITIONS = (
					"DEBUG=1",
					"$(inherited)",
				);
				GCC_WARN_64_TO_32_BIT_CONVERSION = YES;
				GCC_WARN_ABOUT_RETURN_TYPE = YES_ERROR;
				GCC_WARN_UNDECLARED_SELECTOR = YES;
				GCC_WARN_UNINITIALIZED_AUTOS = YES_AGGRESSIVE;
				GCC_WARN_UNUSED_FUNCTION = YES;
				GCC_WARN_UNUSED_VARIABLE = YES;
				IPHONEOS_DEPLOYMENT_TARGET = 13.2;
				MTL_ENABLE_DEBUG_INFO = INCLUDE_SOURCE;
				MTL_FAST_MATH = YES;
				ONLY_ACTIVE_ARCH = YES;
				SDKROOT = iphoneos;
			};
			name = Debug;
		};
		0DA9452023D6429F00AEBEAA /* Release */ = {
			isa = XCBuildConfiguration;
			buildSettings = {
				ALWAYS_SEARCH_USER_PATHS = NO;
				CLANG_ANALYZER_NONNULL = YES;
				CLANG_ANALYZER_NUMBER_OBJECT_CONVERSION = YES_AGGRESSIVE;
				CLANG_CXX_LANGUAGE_STANDARD = "gnu++14";
				CLANG_CXX_LIBRARY = "libc++";
				CLANG_ENABLE_MODULES = YES;
				CLANG_ENABLE_OBJC_ARC = YES;
				CLANG_ENABLE_OBJC_WEAK = YES;
				CLANG_WARN_BLOCK_CAPTURE_AUTORELEASING = YES;
				CLANG_WARN_BOOL_CONVERSION = YES;
				CLANG_WARN_COMMA = YES;
				CLANG_WARN_CONSTANT_CONVERSION = YES;
				CLANG_WARN_DEPRECATED_OBJC_IMPLEMENTATIONS = YES;
				CLANG_WARN_DIRECT_OBJC_ISA_USAGE = YES_ERROR;
				CLANG_WARN_DOCUMENTATION_COMMENTS = YES;
				CLANG_WARN_EMPTY_BODY = YES;
				CLANG_WARN_ENUM_CONVERSION = YES;
				CLANG_WARN_INFINITE_RECURSION = YES;
				CLANG_WARN_INT_CONVERSION = YES;
				CLANG_WARN_NON_LITERAL_NULL_CONVERSION = YES;
				CLANG_WARN_OBJC_IMPLICIT_RETAIN_SELF = YES;
				CLANG_WARN_OBJC_LITERAL_CONVERSION = YES;
				CLANG_WARN_OBJC_ROOT_CLASS = YES_ERROR;
				CLANG_WARN_RANGE_LOOP_ANALYSIS = YES;
				CLANG_WARN_STRICT_PROTOTYPES = YES;
				CLANG_WARN_SUSPICIOUS_MOVE = YES;
				CLANG_WARN_UNGUARDED_AVAILABILITY = YES_AGGRESSIVE;
				CLANG_WARN_UNREACHABLE_CODE = YES;
				CLANG_WARN__DUPLICATE_METHOD_MATCH = YES;
				COPY_PHASE_STRIP = NO;
				DEBUG_INFORMATION_FORMAT = "dwarf-with-dsym";
				ENABLE_NS_ASSERTIONS = NO;
				ENABLE_STRICT_OBJC_MSGSEND = YES;
				GCC_C_LANGUAGE_STANDARD = gnu11;
				GCC_NO_COMMON_BLOCKS = YES;
				GCC_WARN_64_TO_32_BIT_CONVERSION = YES;
				GCC_WARN_ABOUT_RETURN_TYPE = YES_ERROR;
				GCC_WARN_UNDECLARED_SELECTOR = YES;
				GCC_WARN_UNINITIALIZED_AUTOS = YES_AGGRESSIVE;
				GCC_WARN_UNUSED_FUNCTION = YES;
				GCC_WARN_UNUSED_VARIABLE = YES;
				IPHONEOS_DEPLOYMENT_TARGET = 13.2;
				MTL_ENABLE_DEBUG_INFO = NO;
				MTL_FAST_MATH = YES;
				SDKROOT = iphoneos;
				VALIDATE_PRODUCT = YES;
			};
			name = Release;
		};
		0DA9452223D6429F00AEBEAA /* Debug */ = {
			isa = XCBuildConfiguration;
			buildSettings = {
				ASSETCATALOG_COMPILER_APPICON_NAME = AppIcon;
				CLANG_CXX_LANGUAGE_STANDARD = "c++17";
				CODE_SIGN_STYLE = Automatic;
				DEVELOPMENT_TEAM = 39E4GQM8LC;
				GCC_C_LANGUAGE_STANDARD = c11;
				HEADER_SEARCH_PATHS = (
					"$(SRCROOT)/Skeleton/externals/box2d/include",
					"$(SRCROOT)/Skeleton/externals/box2d/src",
					"$(SRCROOT)/Skeleton",
				);
				INFOPLIST_FILE = Skeleton/Info.plist;
				LD_RUNPATH_SEARCH_PATHS = (
					"$(inherited)",
					"@executable_path/Frameworks",
				);
				PRODUCT_BUNDLE_IDENTIFIER = com.kikkei.Skeleton;
				PRODUCT_NAME = "$(TARGET_NAME)";
				TARGETED_DEVICE_FAMILY = "1,2";
			};
			name = Debug;
		};
		0DA9452323D6429F00AEBEAA /* Release */ = {
			isa = XCBuildConfiguration;
			buildSettings = {
				ASSETCATALOG_COMPILER_APPICON_NAME = AppIcon;
				CLANG_CXX_LANGUAGE_STANDARD = "c++17";
				CODE_SIGN_STYLE = Automatic;
				DEVELOPMENT_TEAM = 39E4GQM8LC;
				GCC_C_LANGUAGE_STANDARD = c11;
				HEADER_SEARCH_PATHS = (
					"$(SRCROOT)/Skeleton/externals/box2d/include",
					"$(SRCROOT)/Skeleton/externals/box2d/src",
					"$(SRCROOT)/Skeleton",
				);
				INFOPLIST_FILE = Skeleton/Info.plist;
				LD_RUNPATH_SEARCH_PATHS = (
					"$(inherited)",
					"@executable_path/Frameworks",
				);
				PRODUCT_BUNDLE_IDENTIFIER = com.kikkei.Skeleton;
				PRODUCT_NAME = "$(TARGET_NAME)";
				TARGETED_DEVICE_FAMILY = "1,2";
			};
			name = Release;
		};
		0DA9452523D6429F00AEBEAA /* Debug */ = {
			isa = XCBuildConfiguration;
			buildSettings = {
				BUNDLE_LOADER = "$(TEST_HOST)";
				CODE_SIGN_STYLE = Automatic;
				INFOPLIST_FILE = SkeletonTests/Info.plist;
				IPHONEOS_DEPLOYMENT_TARGET = 13.2;
				LD_RUNPATH_SEARCH_PATHS = (
					"$(inherited)",
					"@executable_path/Frameworks",
					"@loader_path/Frameworks",
				);
				PRODUCT_BUNDLE_IDENTIFIER = com.kikkei.SkeletonTests;
				PRODUCT_NAME = "$(TARGET_NAME)";
				TARGETED_DEVICE_FAMILY = "1,2";
				TEST_HOST = "$(BUILT_PRODUCTS_DIR)/Skeleton.app/Skeleton";
			};
			name = Debug;
		};
		0DA9452623D6429F00AEBEAA /* Release */ = {
			isa = XCBuildConfiguration;
			buildSettings = {
				BUNDLE_LOADER = "$(TEST_HOST)";
				CODE_SIGN_STYLE = Automatic;
				INFOPLIST_FILE = SkeletonTests/Info.plist;
				IPHONEOS_DEPLOYMENT_TARGET = 13.2;
				LD_RUNPATH_SEARCH_PATHS = (
					"$(inherited)",
					"@executable_path/Frameworks",
					"@loader_path/Frameworks",
				);
				PRODUCT_BUNDLE_IDENTIFIER = com.kikkei.SkeletonTests;
				PRODUCT_NAME = "$(TARGET_NAME)";
				TARGETED_DEVICE_FAMILY = "1,2";
				TEST_HOST = "$(BUILT_PRODUCTS_DIR)/Skeleton.app/Skeleton";
			};
			name = Release;
		};
		0DA9452823D6429F00AEBEAA /* Debug */ = {
			isa = XCBuildConfiguration;
			buildSettings = {
				CODE_SIGN_STYLE = Automatic;
				INFOPLIST_FILE = SkeletonUITests/Info.plist;
				LD_RUNPATH_SEARCH_PATHS = (
					"$(inherited)",
					"@executable_path/Frameworks",
					"@loader_path/Frameworks",
				);
				PRODUCT_BUNDLE_IDENTIFIER = com.kikkei.SkeletonUITests;
				PRODUCT_NAME = "$(TARGET_NAME)";
				TARGETED_DEVICE_FAMILY = "1,2";
				TEST_TARGET_NAME = Skeleton;
			};
			name = Debug;
		};
		0DA9452923D6429F00AEBEAA /* Release */ = {
			isa = XCBuildConfiguration;
			buildSettings = {
				CODE_SIGN_STYLE = Automatic;
				INFOPLIST_FILE = SkeletonUITests/Info.plist;
				LD_RUNPATH_SEARCH_PATHS = (
					"$(inherited)",
					"@executable_path/Frameworks",
					"@loader_path/Frameworks",
				);
				PRODUCT_BUNDLE_IDENTIFIER = com.kikkei.SkeletonUITests;
				PRODUCT_NAME = "$(TARGET_NAME)";
				TARGETED_DEVICE_FAMILY = "1,2";
				TEST_TARGET_NAME = Skeleton;
			};
			name = Release;
		};
/* End XCBuildConfiguration section */

/* Begin XCConfigurationList section */
		0DA944ED23D6429D00AEBEAA /* Build configuration list for PBXProject "Skeleton" */ = {
			isa = XCConfigurationList;
			buildConfigurations = (
				0DA9451F23D6429F00AEBEAA /* Debug */,
				0DA9452023D6429F00AEBEAA /* Release */,
			);
			defaultConfigurationIsVisible = 0;
			defaultConfigurationName = Release;
		};
		0DA9452123D6429F00AEBEAA /* Build configuration list for PBXNativeTarget "Skeleton" */ = {
			isa = XCConfigurationList;
			buildConfigurations = (
				0DA9452223D6429F00AEBEAA /* Debug */,
				0DA9452323D6429F00AEBEAA /* Release */,
			);
			defaultConfigurationIsVisible = 0;
			defaultConfigurationName = Release;
		};
		0DA9452423D6429F00AEBEAA /* Build configuration list for PBXNativeTarget "SkeletonTests" */ = {
			isa = XCConfigurationList;
			buildConfigurations = (
				0DA9452523D6429F00AEBEAA /* Debug */,
				0DA9452623D6429F00AEBEAA /* Release */,
			);
			defaultConfigurationIsVisible = 0;
			defaultConfigurationName = Release;
		};
		0DA9452723D6429F00AEBEAA /* Build configuration list for PBXNativeTarget "SkeletonUITests" */ = {
			isa = XCConfigurationList;
			buildConfigurations = (
				0DA9452823D6429F00AEBEAA /* Debug */,
				0DA9452923D6429F00AEBEAA /* Release */,
			);
			defaultConfigurationIsVisible = 0;
			defaultConfigurationName = Release;
		};
/* End XCConfigurationList section */
	};
	rootObject = 0DA944EA23D6429D00AEBEAA /* Project object */;
}
